// !$*UTF8*$!
{
	archiveVersion = 1;
	classes = {
	};
	objectVersion = 52;
	objects = {

/* Begin PBXBuildFile section */
		4B8B4EF90C15347A59A166AA /* Pods_NewsApp.framework in Frameworks */ = {isa = PBXBuildFile; fileRef = 907AFDCC2FE3A3F98A945A96 /* Pods_NewsApp.framework */; };
		596A192BA6D1CDF1425A6BDB /* Pods_NewsAppTests.framework in Frameworks */ = {isa = PBXBuildFile; fileRef = 023EF44A0A425B86EA626D17 /* Pods_NewsAppTests.framework */; };
		CBBCC3C2DF68A3C6903C68EB /* Pods_NewsApp_NewsAppUITests.framework in Frameworks */ = {isa = PBXBuildFile; fileRef = E93A953B33C84AEA89F539EB /* Pods_NewsApp_NewsAppUITests.framework */; };
		D10ACF39260DCE6600DD45D4 /* ArticleCellView.swift in Sources */ = {isa = PBXBuildFile; fileRef = D10ACF38260DCE6600DD45D4 /* ArticleCellView.swift */; };
		D12D3F93260E3F61006DF1BB /* News.xcdatamodeld in Sources */ = {isa = PBXBuildFile; fileRef = D12D3F91260E3F60006DF1BB /* News.xcdatamodeld */; };
		D12D3F99260E4232006DF1BB /* LocalStorageManager.swift in Sources */ = {isa = PBXBuildFile; fileRef = D12D3F98260E4232006DF1BB /* LocalStorageManager.swift */; };
		D12D3FB7260E6E64006DF1BB /* ArticleHorizontalCollectionViewCell.swift in Sources */ = {isa = PBXBuildFile; fileRef = D12D3FB6260E6E64006DF1BB /* ArticleHorizontalCollectionViewCell.swift */; };
		D12D3FBC260E99A6006DF1BB /* NewsScreen+View+UICollectionViewDelegate.swift in Sources */ = {isa = PBXBuildFile; fileRef = D12D3FBB260E99A2006DF1BB /* NewsScreen+View+UICollectionViewDelegate.swift */; };
		D12D3FC1260E9CB1006DF1BB /* TopBar.swift in Sources */ = {isa = PBXBuildFile; fileRef = D12D3FC0260E9CB0006DF1BB /* TopBar.swift */; };
		D12D3FD6260F2C2E006DF1BB /* NewsManager.swift in Sources */ = {isa = PBXBuildFile; fileRef = D12D3FD5260F2C2D006DF1BB /* NewsManager.swift */; };
		D12D3FEB260F744B006DF1BB /* NewsLoader.swift in Sources */ = {isa = PBXBuildFile; fileRef = D12D3FEA260F744B006DF1BB /* NewsLoader.swift */; };
		D12D3FF1260FE13A006DF1BB /* Weak.swift in Sources */ = {isa = PBXBuildFile; fileRef = D12D3FF0260FE133006DF1BB /* Weak.swift */; };
		D12D3FFC260FEBE5006DF1BB /* UIView+Presentation.swift in Sources */ = {isa = PBXBuildFile; fileRef = D12D3FFB260FEBE5006DF1BB /* UIView+Presentation.swift */; };
		D12D4001260FEC30006DF1BB /* UILabel+Style.swift in Sources */ = {isa = PBXBuildFile; fileRef = D12D4000260FEC30006DF1BB /* UILabel+Style.swift */; };
		D12D4009260FED05006DF1BB /* ArticleModel.swift in Sources */ = {isa = PBXBuildFile; fileRef = D12D4008260FED05006DF1BB /* ArticleModel.swift */; };
		D12D400E260FED6A006DF1BB /* ArticlePresentationModel.swift in Sources */ = {isa = PBXBuildFile; fileRef = D12D400D260FED6A006DF1BB /* ArticlePresentationModel.swift */; };
		D12D4016260FEDCA006DF1BB /* NewsAuthorization.swift in Sources */ = {isa = PBXBuildFile; fileRef = D12D4015260FEDCA006DF1BB /* NewsAuthorization.swift */; };
		D12D4020260FEE39006DF1BB /* CoreDataEntities.swift in Sources */ = {isa = PBXBuildFile; fileRef = D12D401F260FEE39006DF1BB /* CoreDataEntities.swift */; };
		D12D402A260FEF18006DF1BB /* CoreDataLocalImage.swift in Sources */ = {isa = PBXBuildFile; fileRef = D12D4029260FEF18006DF1BB /* CoreDataLocalImage.swift */; };
		D12D4032260FEF27006DF1BB /* CoreDataLocalArticle.swift in Sources */ = {isa = PBXBuildFile; fileRef = D12D4031260FEF27006DF1BB /* CoreDataLocalArticle.swift */; };
		D137C595260FF5D9006A3778 /* CoreDataLocalCategoryResult.swift in Sources */ = {isa = PBXBuildFile; fileRef = D137C594260FF5D9006A3778 /* CoreDataLocalCategoryResult.swift */; };
		D17AF1F1260B60E80050731E /* AppDelegate.swift in Sources */ = {isa = PBXBuildFile; fileRef = D17AF1F0260B60E80050731E /* AppDelegate.swift */; };
		D17AF1F3260B60E80050731E /* SceneDelegate.swift in Sources */ = {isa = PBXBuildFile; fileRef = D17AF1F2260B60E80050731E /* SceneDelegate.swift */; };
		D17AF1FA260B60EA0050731E /* Assets.xcassets in Resources */ = {isa = PBXBuildFile; fileRef = D17AF1F9260B60EA0050731E /* Assets.xcassets */; };
		D17AF1FD260B60EA0050731E /* LaunchScreen.storyboard in Resources */ = {isa = PBXBuildFile; fileRef = D17AF1FB260B60EA0050731E /* LaunchScreen.storyboard */; };
		D17AF208260B60EB0050731E /* NewsAppTests.swift in Sources */ = {isa = PBXBuildFile; fileRef = D17AF207260B60EB0050731E /* NewsAppTests.swift */; };
		D17AF213260B60EB0050731E /* NewsAppUITests.swift in Sources */ = {isa = PBXBuildFile; fileRef = D17AF212260B60EB0050731E /* NewsAppUITests.swift */; };
		D17AF229260B61BD0050731E /* NewsScreen.swift in Sources */ = {isa = PBXBuildFile; fileRef = D17AF228260B61BD0050731E /* NewsScreen.swift */; };
		D17AF22E260B67950050731E /* NewsScreen+View.swift in Sources */ = {isa = PBXBuildFile; fileRef = D17AF22D260B67950050731E /* NewsScreen+View.swift */; };
		D17AF233260B67A40050731E /* NewsScreenView.swift in Sources */ = {isa = PBXBuildFile; fileRef = D17AF232260B67A40050731E /* NewsScreenView.swift */; };
		D17AF238260B67BE0050731E /* NewsScreen+Presenter.swift in Sources */ = {isa = PBXBuildFile; fileRef = D17AF237260B67BE0050731E /* NewsScreen+Presenter.swift */; };
		D17AF23E260B6A310050731E /* Keys.swift in Sources */ = {isa = PBXBuildFile; fileRef = D17AF23D260B6A310050731E /* Keys.swift */; };
		D17AF244260B6A880050731E /* APIManager.swift in Sources */ = {isa = PBXBuildFile; fileRef = D17AF243260B6A880050731E /* APIManager.swift */; };
		D17AF24C260B6AC90050731E /* GetEverithing.swift in Sources */ = {isa = PBXBuildFile; fileRef = D17AF24B260B6AC90050731E /* GetEverithing.swift */; };
		D17AF251260B6AD50050731E /* APIRequest.swift in Sources */ = {isa = PBXBuildFile; fileRef = D17AF250260B6AD50050731E /* APIRequest.swift */; };
		D17AF257260B6BF60050731E /* News.swift in Sources */ = {isa = PBXBuildFile; fileRef = D17AF256260B6BF60050731E /* News.swift */; };
		D17AF25E260B6C690050731E /* ArticleDTO.swift in Sources */ = {isa = PBXBuildFile; fileRef = D17AF25D260B6C690050731E /* ArticleDTO.swift */; };
		D17AF263260B6C920050731E /* NewsSource.swift in Sources */ = {isa = PBXBuildFile; fileRef = D17AF262260B6C920050731E /* NewsSource.swift */; };
		D17AF26A260B731C0050731E /* GetTopHeadlines.swift in Sources */ = {isa = PBXBuildFile; fileRef = D17AF269260B731C0050731E /* GetTopHeadlines.swift */; };
		D17AF273260B73390050731E /* GetNewsStatus.swift in Sources */ = {isa = PBXBuildFile; fileRef = D17AF272260B73390050731E /* GetNewsStatus.swift */; };
		D17AF27B260B73510050731E /* GetNewsSortMethod.swift in Sources */ = {isa = PBXBuildFile; fileRef = D17AF27A260B73510050731E /* GetNewsSortMethod.swift */; };
		D17AF281260B74430050731E /* APIRequestBuilder.swift in Sources */ = {isa = PBXBuildFile; fileRef = D17AF280260B74430050731E /* APIRequestBuilder.swift */; };
		D17AF28A260B7A5F0050731E /* Alamofire in Frameworks */ = {isa = PBXBuildFile; productRef = D17AF289260B7A5F0050731E /* Alamofire */; };
		D17AF28F260B81560050731E /* APIManager+Error.swift in Sources */ = {isa = PBXBuildFile; fileRef = D17AF28E260B81560050731E /* APIManager+Error.swift */; };
		D17AF298260B83D10050731E /* APIProvider.swift in Sources */ = {isa = PBXBuildFile; fileRef = D17AF297260B83D10050731E /* APIProvider.swift */; };
		D17AF2A0260B83E40050731E /* APIProviderGroup.swift in Sources */ = {isa = PBXBuildFile; fileRef = D17AF29F260B83E40050731E /* APIProviderGroup.swift */; };
		D17AF2A5260B843C0050731E /* AppEnvironment.swift in Sources */ = {isa = PBXBuildFile; fileRef = D17AF2A4260B843C0050731E /* AppEnvironment.swift */; };
		D17AF2AB260B85B80050731E /* CancellablesManager.swift in Sources */ = {isa = PBXBuildFile; fileRef = D17AF2AA260B85B80050731E /* CancellablesManager.swift */; };
		D17AF2B5260B866A0050731E /* NSLock.swift in Sources */ = {isa = PBXBuildFile; fileRef = D17AF2B4260B866A0050731E /* NSLock.swift */; };
		D17AF2BF260B89CC0050731E /* URLSessionTask+CancellableHashable.swift in Sources */ = {isa = PBXBuildFile; fileRef = D17AF2BE260B89CC0050731E /* URLSessionTask+CancellableHashable.swift */; };
		D17AF2FD260B98AB0050731E /* Root.swift in Sources */ = {isa = PBXBuildFile; fileRef = D17AF2FC260B98AB0050731E /* Root.swift */; };
		D17AF305260B98C10050731E /* Root+Presenter.swift in Sources */ = {isa = PBXBuildFile; fileRef = D17AF304260B98C10050731E /* Root+Presenter.swift */; };
		D17AF30A260B98DD0050731E /* RootView.swift in Sources */ = {isa = PBXBuildFile; fileRef = D17AF309260B98DD0050731E /* RootView.swift */; };
		D17AF30F260B98F00050731E /* Root+View.swift in Sources */ = {isa = PBXBuildFile; fileRef = D17AF30E260B98F00050731E /* Root+View.swift */; };
		D17AF323260B9A140050731E /* APIClient.swift in Sources */ = {isa = PBXBuildFile; fileRef = D17AF322260B9A140050731E /* APIClient.swift */; };
		D17AF328260B9A5F0050731E /* NewsRequests.swift in Sources */ = {isa = PBXBuildFile; fileRef = D17AF327260B9A5F0050731E /* NewsRequests.swift */; };
		D17AF331260B9AC70050731E /* CleanParameterEncoder.swift in Sources */ = {isa = PBXBuildFile; fileRef = D17AF330260B9AC70050731E /* CleanParameterEncoder.swift */; };
		D17AF336260B9AFA0050731E /* VoidParameters.swift in Sources */ = {isa = PBXBuildFile; fileRef = D17AF335260B9AFA0050731E /* VoidParameters.swift */; };
		D17AF33C260B9D340050731E /* UIView+Constraints.swift in Sources */ = {isa = PBXBuildFile; fileRef = D17AF33B260B9D340050731E /* UIView+Constraints.swift */; };
		D17AF344260B9DBC0050731E /* APIProvider+News.swift in Sources */ = {isa = PBXBuildFile; fileRef = D17AF343260B9DBC0050731E /* APIProvider+News.swift */; };
		D17AF349260B9EE80050731E /* Endpoints.swift in Sources */ = {isa = PBXBuildFile; fileRef = D17AF348260B9EE80050731E /* Endpoints.swift */; };
		D17AF358260BA3F80050731E /* Article.swift in Sources */ = {isa = PBXBuildFile; fileRef = D17AF357260BA3F80050731E /* Article.swift */; };
		D17AF37A260BC64F0050731E /* ImageManager.swift in Sources */ = {isa = PBXBuildFile; fileRef = D17AF379260BC64F0050731E /* ImageManager.swift */; };
		D17AF381260BC6780050731E /* Cache.swift in Sources */ = {isa = PBXBuildFile; fileRef = D17AF380260BC6780050731E /* Cache.swift */; };
		D17AF387260BC73A0050731E /* ImageProvider.swift in Sources */ = {isa = PBXBuildFile; fileRef = D17AF386260BC73A0050731E /* ImageProvider.swift */; };
		D17AF392260BCD7D0050731E /* UIView+Shadow.swift in Sources */ = {isa = PBXBuildFile; fileRef = D17AF391260BCD7D0050731E /* UIView+Shadow.swift */; };
		D17AF39D260BE3510050731E /* UIStackView.swift in Sources */ = {isa = PBXBuildFile; fileRef = D17AF39C260BE3510050731E /* UIStackView.swift */; };
		D17AF3A8260BEABC0050731E /* newsmock.json in Resources */ = {isa = PBXBuildFile; fileRef = D17AF3A7260BEABB0050731E /* newsmock.json */; };
		D17AF3AD260BF2090050731E /* NewsScreen+View+UIScrollViewDelegate.swift in Sources */ = {isa = PBXBuildFile; fileRef = D17AF3AC260BF2090050731E /* NewsScreen+View+UIScrollViewDelegate.swift */; };
		D17AF3B3260C5F1D0050731E /* UILabel+LineCount.swift in Sources */ = {isa = PBXBuildFile; fileRef = D17AF3B2260C5F1D0050731E /* UILabel+LineCount.swift */; };
		D17AF3C5260CDB950050731E /* Collection+Safe.swift in Sources */ = {isa = PBXBuildFile; fileRef = D17AF3C4260CDB940050731E /* Collection+Safe.swift */; };
/* End PBXBuildFile section */

/* Begin PBXContainerItemProxy section */
		D17AF204260B60EB0050731E /* PBXContainerItemProxy */ = {
			isa = PBXContainerItemProxy;
			containerPortal = D17AF1E5260B60E80050731E /* Project object */;
			proxyType = 1;
			remoteGlobalIDString = D17AF1EC260B60E80050731E;
			remoteInfo = NewsApp;
		};
		D17AF20F260B60EB0050731E /* PBXContainerItemProxy */ = {
			isa = PBXContainerItemProxy;
			containerPortal = D17AF1E5260B60E80050731E /* Project object */;
			proxyType = 1;
			remoteGlobalIDString = D17AF1EC260B60E80050731E;
			remoteInfo = NewsApp;
		};
/* End PBXContainerItemProxy section */

/* Begin PBXFileReference section */
		023EF44A0A425B86EA626D17 /* Pods_NewsAppTests.framework */ = {isa = PBXFileReference; explicitFileType = wrapper.framework; includeInIndex = 0; path = Pods_NewsAppTests.framework; sourceTree = BUILT_PRODUCTS_DIR; };
		1BA1F7FF5A06FEB4673AF8F5 /* Pods-NewsAppTests.release.xcconfig */ = {isa = PBXFileReference; includeInIndex = 1; lastKnownFileType = text.xcconfig; name = "Pods-NewsAppTests.release.xcconfig"; path = "Target Support Files/Pods-NewsAppTests/Pods-NewsAppTests.release.xcconfig"; sourceTree = "<group>"; };
		42246D3962B454FF7136133F /* Pods-NewsAppTests.debug.xcconfig */ = {isa = PBXFileReference; includeInIndex = 1; lastKnownFileType = text.xcconfig; name = "Pods-NewsAppTests.debug.xcconfig"; path = "Target Support Files/Pods-NewsAppTests/Pods-NewsAppTests.debug.xcconfig"; sourceTree = "<group>"; };
		4D1784A7E91F051CAD0E306E /* Pods-NewsApp-NewsAppUITests.debug.xcconfig */ = {isa = PBXFileReference; includeInIndex = 1; lastKnownFileType = text.xcconfig; name = "Pods-NewsApp-NewsAppUITests.debug.xcconfig"; path = "Target Support Files/Pods-NewsApp-NewsAppUITests/Pods-NewsApp-NewsAppUITests.debug.xcconfig"; sourceTree = "<group>"; };
		4D50EF208AEEB3939D2808B6 /* Pods-NewsApp.release.xcconfig */ = {isa = PBXFileReference; includeInIndex = 1; lastKnownFileType = text.xcconfig; name = "Pods-NewsApp.release.xcconfig"; path = "Target Support Files/Pods-NewsApp/Pods-NewsApp.release.xcconfig"; sourceTree = "<group>"; };
		78B3FE27212192E2B9D33CC1 /* Pods-NewsApp-NewsAppUITests.release.xcconfig */ = {isa = PBXFileReference; includeInIndex = 1; lastKnownFileType = text.xcconfig; name = "Pods-NewsApp-NewsAppUITests.release.xcconfig"; path = "Target Support Files/Pods-NewsApp-NewsAppUITests/Pods-NewsApp-NewsAppUITests.release.xcconfig"; sourceTree = "<group>"; };
		907AFDCC2FE3A3F98A945A96 /* Pods_NewsApp.framework */ = {isa = PBXFileReference; explicitFileType = wrapper.framework; includeInIndex = 0; path = Pods_NewsApp.framework; sourceTree = BUILT_PRODUCTS_DIR; };
		BD3ADD09ADAADA6DC663589E /* Pods-NewsApp.debug.xcconfig */ = {isa = PBXFileReference; includeInIndex = 1; lastKnownFileType = text.xcconfig; name = "Pods-NewsApp.debug.xcconfig"; path = "Target Support Files/Pods-NewsApp/Pods-NewsApp.debug.xcconfig"; sourceTree = "<group>"; };
		D10ACF38260DCE6600DD45D4 /* ArticleCellView.swift */ = {isa = PBXFileReference; lastKnownFileType = sourcecode.swift; path = ArticleCellView.swift; sourceTree = "<group>"; };
		D12D3F92260E3F61006DF1BB /* News.xcdatamodel */ = {isa = PBXFileReference; lastKnownFileType = wrapper.xcdatamodel; path = News.xcdatamodel; sourceTree = "<group>"; };
		D12D3F98260E4232006DF1BB /* LocalStorageManager.swift */ = {isa = PBXFileReference; lastKnownFileType = sourcecode.swift; path = LocalStorageManager.swift; sourceTree = "<group>"; };
		D12D3FB6260E6E64006DF1BB /* ArticleHorizontalCollectionViewCell.swift */ = {isa = PBXFileReference; lastKnownFileType = sourcecode.swift; path = ArticleHorizontalCollectionViewCell.swift; sourceTree = "<group>"; };
		D12D3FBB260E99A2006DF1BB /* NewsScreen+View+UICollectionViewDelegate.swift */ = {isa = PBXFileReference; lastKnownFileType = sourcecode.swift; path = "NewsScreen+View+UICollectionViewDelegate.swift"; sourceTree = "<group>"; };
		D12D3FC0260E9CB0006DF1BB /* TopBar.swift */ = {isa = PBXFileReference; lastKnownFileType = sourcecode.swift; path = TopBar.swift; sourceTree = "<group>"; };
		D12D3FD5260F2C2D006DF1BB /* NewsManager.swift */ = {isa = PBXFileReference; lastKnownFileType = sourcecode.swift; path = NewsManager.swift; sourceTree = "<group>"; };
		D12D3FEA260F744B006DF1BB /* NewsLoader.swift */ = {isa = PBXFileReference; lastKnownFileType = sourcecode.swift; path = NewsLoader.swift; sourceTree = "<group>"; };
		D12D3FF0260FE133006DF1BB /* Weak.swift */ = {isa = PBXFileReference; lastKnownFileType = sourcecode.swift; path = Weak.swift; sourceTree = "<group>"; };
		D12D3FFB260FEBE5006DF1BB /* UIView+Presentation.swift */ = {isa = PBXFileReference; lastKnownFileType = sourcecode.swift; path = "UIView+Presentation.swift"; sourceTree = "<group>"; };
		D12D4000260FEC30006DF1BB /* UILabel+Style.swift */ = {isa = PBXFileReference; lastKnownFileType = sourcecode.swift; path = "UILabel+Style.swift"; sourceTree = "<group>"; };
		D12D4008260FED05006DF1BB /* ArticleModel.swift */ = {isa = PBXFileReference; lastKnownFileType = sourcecode.swift; path = ArticleModel.swift; sourceTree = "<group>"; };
		D12D400D260FED6A006DF1BB /* ArticlePresentationModel.swift */ = {isa = PBXFileReference; lastKnownFileType = sourcecode.swift; path = ArticlePresentationModel.swift; sourceTree = "<group>"; };
		D12D4015260FEDCA006DF1BB /* NewsAuthorization.swift */ = {isa = PBXFileReference; lastKnownFileType = sourcecode.swift; path = NewsAuthorization.swift; sourceTree = "<group>"; };
		D12D401F260FEE39006DF1BB /* CoreDataEntities.swift */ = {isa = PBXFileReference; lastKnownFileType = sourcecode.swift; path = CoreDataEntities.swift; sourceTree = "<group>"; };
		D12D4029260FEF18006DF1BB /* CoreDataLocalImage.swift */ = {isa = PBXFileReference; lastKnownFileType = sourcecode.swift; path = CoreDataLocalImage.swift; sourceTree = "<group>"; };
		D12D4031260FEF27006DF1BB /* CoreDataLocalArticle.swift */ = {isa = PBXFileReference; lastKnownFileType = sourcecode.swift; path = CoreDataLocalArticle.swift; sourceTree = "<group>"; };
		D137C594260FF5D9006A3778 /* CoreDataLocalCategoryResult.swift */ = {isa = PBXFileReference; lastKnownFileType = sourcecode.swift; path = CoreDataLocalCategoryResult.swift; sourceTree = "<group>"; };
		D17AF1ED260B60E80050731E /* NewsApp.app */ = {isa = PBXFileReference; explicitFileType = wrapper.application; includeInIndex = 0; path = NewsApp.app; sourceTree = BUILT_PRODUCTS_DIR; };
		D17AF1F0260B60E80050731E /* AppDelegate.swift */ = {isa = PBXFileReference; lastKnownFileType = sourcecode.swift; path = AppDelegate.swift; sourceTree = "<group>"; };
		D17AF1F2260B60E80050731E /* SceneDelegate.swift */ = {isa = PBXFileReference; lastKnownFileType = sourcecode.swift; path = SceneDelegate.swift; sourceTree = "<group>"; };
		D17AF1F9260B60EA0050731E /* Assets.xcassets */ = {isa = PBXFileReference; lastKnownFileType = folder.assetcatalog; path = Assets.xcassets; sourceTree = "<group>"; };
		D17AF1FC260B60EA0050731E /* Base */ = {isa = PBXFileReference; lastKnownFileType = file.storyboard; name = Base; path = Base.lproj/LaunchScreen.storyboard; sourceTree = "<group>"; };
		D17AF1FE260B60EA0050731E /* Info.plist */ = {isa = PBXFileReference; lastKnownFileType = text.plist.xml; path = Info.plist; sourceTree = "<group>"; };
		D17AF203260B60EB0050731E /* NewsAppTests.xctest */ = {isa = PBXFileReference; explicitFileType = wrapper.cfbundle; includeInIndex = 0; path = NewsAppTests.xctest; sourceTree = BUILT_PRODUCTS_DIR; };
		D17AF207260B60EB0050731E /* NewsAppTests.swift */ = {isa = PBXFileReference; lastKnownFileType = sourcecode.swift; path = NewsAppTests.swift; sourceTree = "<group>"; };
		D17AF209260B60EB0050731E /* Info.plist */ = {isa = PBXFileReference; lastKnownFileType = text.plist.xml; path = Info.plist; sourceTree = "<group>"; };
		D17AF20E260B60EB0050731E /* NewsAppUITests.xctest */ = {isa = PBXFileReference; explicitFileType = wrapper.cfbundle; includeInIndex = 0; path = NewsAppUITests.xctest; sourceTree = BUILT_PRODUCTS_DIR; };
		D17AF212260B60EB0050731E /* NewsAppUITests.swift */ = {isa = PBXFileReference; lastKnownFileType = sourcecode.swift; path = NewsAppUITests.swift; sourceTree = "<group>"; };
		D17AF214260B60EB0050731E /* Info.plist */ = {isa = PBXFileReference; lastKnownFileType = text.plist.xml; path = Info.plist; sourceTree = "<group>"; };
		D17AF228260B61BD0050731E /* NewsScreen.swift */ = {isa = PBXFileReference; lastKnownFileType = sourcecode.swift; path = NewsScreen.swift; sourceTree = "<group>"; };
		D17AF22D260B67950050731E /* NewsScreen+View.swift */ = {isa = PBXFileReference; lastKnownFileType = sourcecode.swift; path = "NewsScreen+View.swift"; sourceTree = "<group>"; };
		D17AF232260B67A40050731E /* NewsScreenView.swift */ = {isa = PBXFileReference; lastKnownFileType = sourcecode.swift; path = NewsScreenView.swift; sourceTree = "<group>"; };
		D17AF237260B67BE0050731E /* NewsScreen+Presenter.swift */ = {isa = PBXFileReference; lastKnownFileType = sourcecode.swift; path = "NewsScreen+Presenter.swift"; sourceTree = "<group>"; };
		D17AF23D260B6A310050731E /* Keys.swift */ = {isa = PBXFileReference; lastKnownFileType = sourcecode.swift; path = Keys.swift; sourceTree = "<group>"; };
		D17AF243260B6A880050731E /* APIManager.swift */ = {isa = PBXFileReference; lastKnownFileType = sourcecode.swift; path = APIManager.swift; sourceTree = "<group>"; };
		D17AF24B260B6AC90050731E /* GetEverithing.swift */ = {isa = PBXFileReference; lastKnownFileType = sourcecode.swift; path = GetEverithing.swift; sourceTree = "<group>"; };
		D17AF250260B6AD50050731E /* APIRequest.swift */ = {isa = PBXFileReference; lastKnownFileType = sourcecode.swift; path = APIRequest.swift; sourceTree = "<group>"; };
		D17AF256260B6BF60050731E /* News.swift */ = {isa = PBXFileReference; lastKnownFileType = sourcecode.swift; path = News.swift; sourceTree = "<group>"; };
		D17AF25D260B6C690050731E /* ArticleDTO.swift */ = {isa = PBXFileReference; lastKnownFileType = sourcecode.swift; path = ArticleDTO.swift; sourceTree = "<group>"; };
		D17AF262260B6C920050731E /* NewsSource.swift */ = {isa = PBXFileReference; lastKnownFileType = sourcecode.swift; path = NewsSource.swift; sourceTree = "<group>"; };
		D17AF269260B731C0050731E /* GetTopHeadlines.swift */ = {isa = PBXFileReference; lastKnownFileType = sourcecode.swift; path = GetTopHeadlines.swift; sourceTree = "<group>"; };
		D17AF272260B73390050731E /* GetNewsStatus.swift */ = {isa = PBXFileReference; lastKnownFileType = sourcecode.swift; path = GetNewsStatus.swift; sourceTree = "<group>"; };
		D17AF27A260B73510050731E /* GetNewsSortMethod.swift */ = {isa = PBXFileReference; lastKnownFileType = sourcecode.swift; path = GetNewsSortMethod.swift; sourceTree = "<group>"; };
		D17AF280260B74430050731E /* APIRequestBuilder.swift */ = {isa = PBXFileReference; lastKnownFileType = sourcecode.swift; path = APIRequestBuilder.swift; sourceTree = "<group>"; };
		D17AF28E260B81560050731E /* APIManager+Error.swift */ = {isa = PBXFileReference; lastKnownFileType = sourcecode.swift; path = "APIManager+Error.swift"; sourceTree = "<group>"; };
		D17AF297260B83D10050731E /* APIProvider.swift */ = {isa = PBXFileReference; lastKnownFileType = sourcecode.swift; path = APIProvider.swift; sourceTree = "<group>"; };
		D17AF29F260B83E40050731E /* APIProviderGroup.swift */ = {isa = PBXFileReference; lastKnownFileType = sourcecode.swift; path = APIProviderGroup.swift; sourceTree = "<group>"; };
		D17AF2A4260B843C0050731E /* AppEnvironment.swift */ = {isa = PBXFileReference; lastKnownFileType = sourcecode.swift; path = AppEnvironment.swift; sourceTree = "<group>"; };
		D17AF2AA260B85B80050731E /* CancellablesManager.swift */ = {isa = PBXFileReference; lastKnownFileType = sourcecode.swift; path = CancellablesManager.swift; sourceTree = "<group>"; };
		D17AF2B4260B866A0050731E /* NSLock.swift */ = {isa = PBXFileReference; lastKnownFileType = sourcecode.swift; path = NSLock.swift; sourceTree = "<group>"; };
		D17AF2BE260B89CC0050731E /* URLSessionTask+CancellableHashable.swift */ = {isa = PBXFileReference; lastKnownFileType = sourcecode.swift; path = "URLSessionTask+CancellableHashable.swift"; sourceTree = "<group>"; };
		D17AF2FC260B98AB0050731E /* Root.swift */ = {isa = PBXFileReference; lastKnownFileType = sourcecode.swift; path = Root.swift; sourceTree = "<group>"; };
		D17AF304260B98C10050731E /* Root+Presenter.swift */ = {isa = PBXFileReference; lastKnownFileType = sourcecode.swift; path = "Root+Presenter.swift"; sourceTree = "<group>"; };
		D17AF309260B98DD0050731E /* RootView.swift */ = {isa = PBXFileReference; lastKnownFileType = sourcecode.swift; path = RootView.swift; sourceTree = "<group>"; };
		D17AF30E260B98F00050731E /* Root+View.swift */ = {isa = PBXFileReference; lastKnownFileType = sourcecode.swift; path = "Root+View.swift"; sourceTree = "<group>"; };
		D17AF322260B9A140050731E /* APIClient.swift */ = {isa = PBXFileReference; lastKnownFileType = sourcecode.swift; path = APIClient.swift; sourceTree = "<group>"; };
		D17AF327260B9A5F0050731E /* NewsRequests.swift */ = {isa = PBXFileReference; lastKnownFileType = sourcecode.swift; path = NewsRequests.swift; sourceTree = "<group>"; };
		D17AF330260B9AC70050731E /* CleanParameterEncoder.swift */ = {isa = PBXFileReference; lastKnownFileType = sourcecode.swift; path = CleanParameterEncoder.swift; sourceTree = "<group>"; };
		D17AF335260B9AFA0050731E /* VoidParameters.swift */ = {isa = PBXFileReference; lastKnownFileType = sourcecode.swift; path = VoidParameters.swift; sourceTree = "<group>"; };
		D17AF33B260B9D340050731E /* UIView+Constraints.swift */ = {isa = PBXFileReference; lastKnownFileType = sourcecode.swift; path = "UIView+Constraints.swift"; sourceTree = "<group>"; };
		D17AF343260B9DBC0050731E /* APIProvider+News.swift */ = {isa = PBXFileReference; lastKnownFileType = sourcecode.swift; path = "APIProvider+News.swift"; sourceTree = "<group>"; };
		D17AF348260B9EE80050731E /* Endpoints.swift */ = {isa = PBXFileReference; lastKnownFileType = sourcecode.swift; path = Endpoints.swift; sourceTree = "<group>"; };
		D17AF357260BA3F80050731E /* Article.swift */ = {isa = PBXFileReference; lastKnownFileType = sourcecode.swift; path = Article.swift; sourceTree = "<group>"; };
		D17AF379260BC64F0050731E /* ImageManager.swift */ = {isa = PBXFileReference; lastKnownFileType = sourcecode.swift; path = ImageManager.swift; sourceTree = "<group>"; };
		D17AF380260BC6780050731E /* Cache.swift */ = {isa = PBXFileReference; lastKnownFileType = sourcecode.swift; path = Cache.swift; sourceTree = "<group>"; };
		D17AF386260BC73A0050731E /* ImageProvider.swift */ = {isa = PBXFileReference; lastKnownFileType = sourcecode.swift; path = ImageProvider.swift; sourceTree = "<group>"; };
		D17AF391260BCD7D0050731E /* UIView+Shadow.swift */ = {isa = PBXFileReference; lastKnownFileType = sourcecode.swift; path = "UIView+Shadow.swift"; sourceTree = "<group>"; };
		D17AF39C260BE3510050731E /* UIStackView.swift */ = {isa = PBXFileReference; lastKnownFileType = sourcecode.swift; path = UIStackView.swift; sourceTree = "<group>"; };
		D17AF3A7260BEABB0050731E /* newsmock.json */ = {isa = PBXFileReference; lastKnownFileType = text.json; path = newsmock.json; sourceTree = "<group>"; xcLanguageSpecificationIdentifier = xcode.lang.json; };
		D17AF3AC260BF2090050731E /* NewsScreen+View+UIScrollViewDelegate.swift */ = {isa = PBXFileReference; lastKnownFileType = sourcecode.swift; path = "NewsScreen+View+UIScrollViewDelegate.swift"; sourceTree = "<group>"; };
		D17AF3B2260C5F1D0050731E /* UILabel+LineCount.swift */ = {isa = PBXFileReference; lastKnownFileType = sourcecode.swift; path = "UILabel+LineCount.swift"; sourceTree = "<group>"; };
		D17AF3C4260CDB940050731E /* Collection+Safe.swift */ = {isa = PBXFileReference; lastKnownFileType = sourcecode.swift; path = "Collection+Safe.swift"; sourceTree = "<group>"; };
		E93A953B33C84AEA89F539EB /* Pods_NewsApp_NewsAppUITests.framework */ = {isa = PBXFileReference; explicitFileType = wrapper.framework; includeInIndex = 0; path = Pods_NewsApp_NewsAppUITests.framework; sourceTree = BUILT_PRODUCTS_DIR; };
/* End PBXFileReference section */

/* Begin PBXFrameworksBuildPhase section */
		D17AF1EA260B60E80050731E /* Frameworks */ = {
			isa = PBXFrameworksBuildPhase;
			buildActionMask = 2147483647;
			files = (
				D17AF28A260B7A5F0050731E /* Alamofire in Frameworks */,
				4B8B4EF90C15347A59A166AA /* Pods_NewsApp.framework in Frameworks */,
			);
			runOnlyForDeploymentPostprocessing = 0;
		};
		D17AF200260B60EB0050731E /* Frameworks */ = {
			isa = PBXFrameworksBuildPhase;
			buildActionMask = 2147483647;
			files = (
				596A192BA6D1CDF1425A6BDB /* Pods_NewsAppTests.framework in Frameworks */,
			);
			runOnlyForDeploymentPostprocessing = 0;
		};
		D17AF20B260B60EB0050731E /* Frameworks */ = {
			isa = PBXFrameworksBuildPhase;
			buildActionMask = 2147483647;
			files = (
				CBBCC3C2DF68A3C6903C68EB /* Pods_NewsApp_NewsAppUITests.framework in Frameworks */,
			);
			runOnlyForDeploymentPostprocessing = 0;
		};
/* End PBXFrameworksBuildPhase section */

/* Begin PBXGroup section */
		45B983F6FC905613DB10FCE2 /* Pods */ = {
			isa = PBXGroup;
			children = (
				BD3ADD09ADAADA6DC663589E /* Pods-NewsApp.debug.xcconfig */,
				4D50EF208AEEB3939D2808B6 /* Pods-NewsApp.release.xcconfig */,
				4D1784A7E91F051CAD0E306E /* Pods-NewsApp-NewsAppUITests.debug.xcconfig */,
				78B3FE27212192E2B9D33CC1 /* Pods-NewsApp-NewsAppUITests.release.xcconfig */,
				42246D3962B454FF7136133F /* Pods-NewsAppTests.debug.xcconfig */,
				1BA1F7FF5A06FEB4673AF8F5 /* Pods-NewsAppTests.release.xcconfig */,
			);
			path = Pods;
			sourceTree = "<group>";
		};
		97782D3589A84358C4A11605 /* Frameworks */ = {
			isa = PBXGroup;
			children = (
				907AFDCC2FE3A3F98A945A96 /* Pods_NewsApp.framework */,
				E93A953B33C84AEA89F539EB /* Pods_NewsApp_NewsAppUITests.framework */,
				023EF44A0A425B86EA626D17 /* Pods_NewsAppTests.framework */,
			);
			name = Frameworks;
			sourceTree = "<group>";
		};
		D12D3F97260E421E006DF1BB /* LocalStorageManager */ = {
			isa = PBXGroup;
			children = (
				D12D3F98260E4232006DF1BB /* LocalStorageManager.swift */,
			);
			path = LocalStorageManager;
			sourceTree = "<group>";
		};
		D12D3FD4260F2BFC006DF1BB /* NewsManager */ = {
			isa = PBXGroup;
			children = (
				D12D3FD5260F2C2D006DF1BB /* NewsManager.swift */,
				D12D3FEA260F744B006DF1BB /* NewsLoader.swift */,
			);
			path = NewsManager;
			sourceTree = "<group>";
		};
		D12D3FEF260FE126006DF1BB /* General */ = {
			isa = PBXGroup;
			children = (
				D12D3FF0260FE133006DF1BB /* Weak.swift */,
			);
			path = General;
			sourceTree = "<group>";
		};
		D12D401A260FEDE6006DF1BB /* Auth */ = {
			isa = PBXGroup;
			children = (
				D12D4015260FEDCA006DF1BB /* NewsAuthorization.swift */,
			);
			path = Auth;
			sourceTree = "<group>";
		};
		D12D401E260FEE29006DF1BB /* CoreData */ = {
			isa = PBXGroup;
			children = (
				D12D4027260FEED6006DF1BB /* Entities */,
				D12D401F260FEE39006DF1BB /* CoreDataEntities.swift */,
			);
			path = CoreData;
			sourceTree = "<group>";
		};
		D12D4027260FEED6006DF1BB /* Entities */ = {
			isa = PBXGroup;
			children = (
				D12D4029260FEF18006DF1BB /* CoreDataLocalImage.swift */,
				D12D4031260FEF27006DF1BB /* CoreDataLocalArticle.swift */,
				D137C594260FF5D9006A3778 /* CoreDataLocalCategoryResult.swift */,
			);
			path = Entities;
			sourceTree = "<group>";
		};
		D17AF1E4260B60E80050731E = {
			isa = PBXGroup;
			children = (
				D17AF1EF260B60E80050731E /* NewsApp */,
				D17AF206260B60EB0050731E /* NewsAppTests */,
				D17AF211260B60EB0050731E /* NewsAppUITests */,
				D17AF1EE260B60E80050731E /* Products */,
				45B983F6FC905613DB10FCE2 /* Pods */,
				97782D3589A84358C4A11605 /* Frameworks */,
			);
			sourceTree = "<group>";
		};
		D17AF1EE260B60E80050731E /* Products */ = {
			isa = PBXGroup;
			children = (
				D17AF1ED260B60E80050731E /* NewsApp.app */,
				D17AF203260B60EB0050731E /* NewsAppTests.xctest */,
				D17AF20E260B60EB0050731E /* NewsAppUITests.xctest */,
			);
			name = Products;
			sourceTree = "<group>";
		};
		D17AF1EF260B60E80050731E /* NewsApp */ = {
			isa = PBXGroup;
			children = (
				D17AF226260B61530050731E /* API */,
				D17AF223260B612A0050731E /* Common */,
				D17AF225260B61370050731E /* Modules */,
				D17AF1F0260B60E80050731E /* AppDelegate.swift */,
				D17AF1F2260B60E80050731E /* SceneDelegate.swift */,
				D17AF1F9260B60EA0050731E /* Assets.xcassets */,
				D17AF3A7260BEABB0050731E /* newsmock.json */,
				D12D3F91260E3F60006DF1BB /* News.xcdatamodeld */,
				D17AF1FB260B60EA0050731E /* LaunchScreen.storyboard */,
				D17AF1FE260B60EA0050731E /* Info.plist */,
			);
			path = NewsApp;
			sourceTree = "<group>";
		};
		D17AF206260B60EB0050731E /* NewsAppTests */ = {
			isa = PBXGroup;
			children = (
				D17AF207260B60EB0050731E /* NewsAppTests.swift */,
				D17AF209260B60EB0050731E /* Info.plist */,
			);
			path = NewsAppTests;
			sourceTree = "<group>";
		};
		D17AF211260B60EB0050731E /* NewsAppUITests */ = {
			isa = PBXGroup;
			children = (
				D17AF212260B60EB0050731E /* NewsAppUITests.swift */,
				D17AF214260B60EB0050731E /* Info.plist */,
			);
			path = NewsAppUITests;
			sourceTree = "<group>";
		};
		D17AF223260B612A0050731E /* Common */ = {
			isa = PBXGroup;
			children = (
				D17AF37E260BC6660050731E /* Helpers */,
				D17AF356260BA3F00050731E /* Models */,
				D17AF2B2260B865B0050731E /* Extensions */,
				D17AF293260B83920050731E /* AppEnvironment */,
				D17AF23C260B6A200050731E /* Constants */,
			);
			path = Common;
			sourceTree = "<group>";
		};
		D17AF225260B61370050731E /* Modules */ = {
			isa = PBXGroup;
			children = (
				D17AF2C9260B8AD40050731E /* Root */,
				D17AF227260B61AD0050731E /* NewsScreen */,
			);
			path = Modules;
			sourceTree = "<group>";
		};
		D17AF226260B61530050731E /* API */ = {
			isa = PBXGroup;
			children = (
				D17AF27F260B74350050731E /* APIRequest */,
				D17AF242260B6A390050731E /* Groups */,
				D17AF243260B6A880050731E /* APIManager.swift */,
				D17AF28E260B81560050731E /* APIManager+Error.swift */,
				D17AF322260B9A140050731E /* APIClient.swift */,
			);
			path = API;
			sourceTree = "<group>";
		};
		D17AF227260B61AD0050731E /* NewsScreen */ = {
			isa = PBXGroup;
			children = (
				D17AF36E260BBE840050731E /* Auxiliary */,
				D17AF228260B61BD0050731E /* NewsScreen.swift */,
				D17AF232260B67A40050731E /* NewsScreenView.swift */,
				D17AF237260B67BE0050731E /* NewsScreen+Presenter.swift */,
				D17AF22D260B67950050731E /* NewsScreen+View.swift */,
				D12D3FBB260E99A2006DF1BB /* NewsScreen+View+UICollectionViewDelegate.swift */,
				D17AF3AC260BF2090050731E /* NewsScreen+View+UIScrollViewDelegate.swift */,
			);
			path = NewsScreen;
			sourceTree = "<group>";
		};
		D17AF23C260B6A200050731E /* Constants */ = {
			isa = PBXGroup;
			children = (
				D12D401E260FEE29006DF1BB /* CoreData */,
				D17AF23D260B6A310050731E /* Keys.swift */,
			);
			path = Constants;
			sourceTree = "<group>";
		};
		D17AF242260B6A390050731E /* Groups */ = {
			isa = PBXGroup;
			children = (
				D17AF255260B6BE00050731E /* News */,
				D17AF348260B9EE80050731E /* Endpoints.swift */,
			);
			path = Groups;
			sourceTree = "<group>";
		};
		D17AF255260B6BE00050731E /* News */ = {
			isa = PBXGroup;
			children = (
				D17AF25C260B6C370050731E /* Methods */,
				D17AF25B260B6C2F0050731E /* Models */,
				D17AF256260B6BF60050731E /* News.swift */,
				D17AF327260B9A5F0050731E /* NewsRequests.swift */,
			);
			path = News;
			sourceTree = "<group>";
		};
		D17AF25B260B6C2F0050731E /* Models */ = {
			isa = PBXGroup;
			children = (
				D17AF25D260B6C690050731E /* ArticleDTO.swift */,
				D17AF262260B6C920050731E /* NewsSource.swift */,
				D17AF272260B73390050731E /* GetNewsStatus.swift */,
				D17AF27A260B73510050731E /* GetNewsSortMethod.swift */,
			);
			path = Models;
			sourceTree = "<group>";
		};
		D17AF25C260B6C370050731E /* Methods */ = {
			isa = PBXGroup;
			children = (
				D17AF24B260B6AC90050731E /* GetEverithing.swift */,
				D17AF269260B731C0050731E /* GetTopHeadlines.swift */,
			);
			path = Methods;
			sourceTree = "<group>";
		};
		D17AF27F260B74350050731E /* APIRequest */ = {
			isa = PBXGroup;
			children = (
				D17AF250260B6AD50050731E /* APIRequest.swift */,
				D17AF280260B74430050731E /* APIRequestBuilder.swift */,
				D17AF335260B9AFA0050731E /* VoidParameters.swift */,
				D17AF32F260B9AB40050731E /* Encoders */,
			);
			path = APIRequest;
			sourceTree = "<group>";
		};
		D17AF293260B83920050731E /* AppEnvironment */ = {
			isa = PBXGroup;
			children = (
				D12D401A260FEDE6006DF1BB /* Auth */,
				D17AF295260B83AF0050731E /* Providers */,
				D17AF294260B83A90050731E /* Managers */,
				D17AF2A4260B843C0050731E /* AppEnvironment.swift */,
			);
			path = AppEnvironment;
			sourceTree = "<group>";
		};
		D17AF294260B83A90050731E /* Managers */ = {
			isa = PBXGroup;
			children = (
				D12D3FD4260F2BFC006DF1BB /* NewsManager */,
				D12D3F97260E421E006DF1BB /* LocalStorageManager */,
				D17AF378260BC61A0050731E /* ImageManager */,
				D17AF2A9260B85AC0050731E /* CancellablesManager */,
			);
			path = Managers;
			sourceTree = "<group>";
		};
		D17AF295260B83AF0050731E /* Providers */ = {
			isa = PBXGroup;
			children = (
				D17AF385260BC72D0050731E /* ImageProvider */,
				D17AF296260B83C40050731E /* APIProvider */,
			);
			path = Providers;
			sourceTree = "<group>";
		};
		D17AF296260B83C40050731E /* APIProvider */ = {
			isa = PBXGroup;
			children = (
				D17AF297260B83D10050731E /* APIProvider.swift */,
				D17AF29F260B83E40050731E /* APIProviderGroup.swift */,
				D17AF343260B9DBC0050731E /* APIProvider+News.swift */,
			);
			path = APIProvider;
			sourceTree = "<group>";
		};
		D17AF2A9260B85AC0050731E /* CancellablesManager */ = {
			isa = PBXGroup;
			children = (
				D17AF2AA260B85B80050731E /* CancellablesManager.swift */,
			);
			path = CancellablesManager;
			sourceTree = "<group>";
		};
		D17AF2B2260B865B0050731E /* Extensions */ = {
			isa = PBXGroup;
			children = (
				D17AF3C3260CDB7C0050731E /* Collection */,
				D17AF3B1260C5F080050731E /* UILabel */,
				D17AF39B260BE3400050731E /* UIStackView */,
				D17AF33A260B9D210050731E /* UIView */,
				D17AF2BD260B89BB0050731E /* URLSessionTask */,
				D17AF2B3260B86610050731E /* NSLock */,
			);
			path = Extensions;
			sourceTree = "<group>";
		};
		D17AF2B3260B86610050731E /* NSLock */ = {
			isa = PBXGroup;
			children = (
				D17AF2B4260B866A0050731E /* NSLock.swift */,
			);
			path = NSLock;
			sourceTree = "<group>";
		};
		D17AF2BD260B89BB0050731E /* URLSessionTask */ = {
			isa = PBXGroup;
			children = (
				D17AF2BE260B89CC0050731E /* URLSessionTask+CancellableHashable.swift */,
			);
			path = URLSessionTask;
			sourceTree = "<group>";
		};
		D17AF2C9260B8AD40050731E /* Root */ = {
			isa = PBXGroup;
			children = (
				D17AF2FC260B98AB0050731E /* Root.swift */,
				D17AF309260B98DD0050731E /* RootView.swift */,
				D17AF304260B98C10050731E /* Root+Presenter.swift */,
				D17AF30E260B98F00050731E /* Root+View.swift */,
			);
			path = Root;
			sourceTree = "<group>";
		};
		D17AF32F260B9AB40050731E /* Encoders */ = {
			isa = PBXGroup;
			children = (
				D17AF330260B9AC70050731E /* CleanParameterEncoder.swift */,
			);
			path = Encoders;
			sourceTree = "<group>";
		};
		D17AF33A260B9D210050731E /* UIView */ = {
			isa = PBXGroup;
			children = (
				D17AF33B260B9D340050731E /* UIView+Constraints.swift */,
				D17AF391260BCD7D0050731E /* UIView+Shadow.swift */,
				D12D3FFB260FEBE5006DF1BB /* UIView+Presentation.swift */,
			);
			path = UIView;
			sourceTree = "<group>";
		};
		D17AF356260BA3F00050731E /* Models */ = {
			isa = PBXGroup;
			children = (
				D17AF357260BA3F80050731E /* Article.swift */,
				D12D4008260FED05006DF1BB /* ArticleModel.swift */,
				D12D400D260FED6A006DF1BB /* ArticlePresentationModel.swift */,
			);
			path = Models;
			sourceTree = "<group>";
		};
		D17AF36E260BBE840050731E /* Auxiliary */ = {
			isa = PBXGroup;
			children = (
				D17AF36F260BBE8E0050731E /* Components */,
			);
			path = Auxiliary;
			sourceTree = "<group>";
		};
		D17AF36F260BBE8E0050731E /* Components */ = {
			isa = PBXGroup;
			children = (
				D10ACF38260DCE6600DD45D4 /* ArticleCellView.swift */,
				D12D3FB6260E6E64006DF1BB /* ArticleHorizontalCollectionViewCell.swift */,
				D12D3FC0260E9CB0006DF1BB /* TopBar.swift */,
			);
			path = Components;
			sourceTree = "<group>";
		};
		D17AF378260BC61A0050731E /* ImageManager */ = {
			isa = PBXGroup;
			children = (
				D17AF379260BC64F0050731E /* ImageManager.swift */,
			);
			path = ImageManager;
			sourceTree = "<group>";
		};
		D17AF37E260BC6660050731E /* Helpers */ = {
			isa = PBXGroup;
			children = (
				D12D3FEF260FE126006DF1BB /* General */,
				D17AF37F260BC6710050731E /* Cache */,
			);
			path = Helpers;
			sourceTree = "<group>";
		};
		D17AF37F260BC6710050731E /* Cache */ = {
			isa = PBXGroup;
			children = (
				D17AF380260BC6780050731E /* Cache.swift */,
			);
			path = Cache;
			sourceTree = "<group>";
		};
		D17AF385260BC72D0050731E /* ImageProvider */ = {
			isa = PBXGroup;
			children = (
				D17AF386260BC73A0050731E /* ImageProvider.swift */,
			);
			path = ImageProvider;
			sourceTree = "<group>";
		};
		D17AF39B260BE3400050731E /* UIStackView */ = {
			isa = PBXGroup;
			children = (
				D17AF39C260BE3510050731E /* UIStackView.swift */,
			);
			path = UIStackView;
			sourceTree = "<group>";
		};
		D17AF3B1260C5F080050731E /* UILabel */ = {
			isa = PBXGroup;
			children = (
				D17AF3B2260C5F1D0050731E /* UILabel+LineCount.swift */,
				D12D4000260FEC30006DF1BB /* UILabel+Style.swift */,
			);
			path = UILabel;
			sourceTree = "<group>";
		};
		D17AF3C3260CDB7C0050731E /* Collection */ = {
			isa = PBXGroup;
			children = (
				D17AF3C4260CDB940050731E /* Collection+Safe.swift */,
			);
			path = Collection;
			sourceTree = "<group>";
		};
/* End PBXGroup section */

/* Begin PBXNativeTarget section */
		D17AF1EC260B60E80050731E /* NewsApp */ = {
			isa = PBXNativeTarget;
			buildConfigurationList = D17AF217260B60EB0050731E /* Build configuration list for PBXNativeTarget "NewsApp" */;
			buildPhases = (
				12CC342B712BAFE1EC4C14C1 /* [CP] Check Pods Manifest.lock */,
				D17AF1E9260B60E80050731E /* Sources */,
				D17AF1EA260B60E80050731E /* Frameworks */,
				D17AF1EB260B60E80050731E /* Resources */,
			);
			buildRules = (
			);
			dependencies = (
			);
			name = NewsApp;
			packageProductDependencies = (
				D17AF289260B7A5F0050731E /* Alamofire */,
			);
			productName = NewsApp;
			productReference = D17AF1ED260B60E80050731E /* NewsApp.app */;
			productType = "com.apple.product-type.application";
		};
		D17AF202260B60EB0050731E /* NewsAppTests */ = {
			isa = PBXNativeTarget;
			buildConfigurationList = D17AF21A260B60EB0050731E /* Build configuration list for PBXNativeTarget "NewsAppTests" */;
			buildPhases = (
				3BDEAC08F550B9BA82C8E8C0 /* [CP] Check Pods Manifest.lock */,
				D17AF1FF260B60EB0050731E /* Sources */,
				D17AF200260B60EB0050731E /* Frameworks */,
				D17AF201260B60EB0050731E /* Resources */,
			);
			buildRules = (
			);
			dependencies = (
				D17AF205260B60EB0050731E /* PBXTargetDependency */,
			);
			name = NewsAppTests;
			productName = NewsAppTests;
			productReference = D17AF203260B60EB0050731E /* NewsAppTests.xctest */;
			productType = "com.apple.product-type.bundle.unit-test";
		};
		D17AF20D260B60EB0050731E /* NewsAppUITests */ = {
			isa = PBXNativeTarget;
			buildConfigurationList = D17AF21D260B60EB0050731E /* Build configuration list for PBXNativeTarget "NewsAppUITests" */;
			buildPhases = (
				C4C788C8DC56E2A5AD31B11C /* [CP] Check Pods Manifest.lock */,
				D17AF20A260B60EB0050731E /* Sources */,
				D17AF20B260B60EB0050731E /* Frameworks */,
				D17AF20C260B60EB0050731E /* Resources */,
			);
			buildRules = (
			);
			dependencies = (
				D17AF210260B60EB0050731E /* PBXTargetDependency */,
			);
			name = NewsAppUITests;
			productName = NewsAppUITests;
			productReference = D17AF20E260B60EB0050731E /* NewsAppUITests.xctest */;
			productType = "com.apple.product-type.bundle.ui-testing";
		};
/* End PBXNativeTarget section */

/* Begin PBXProject section */
		D17AF1E5260B60E80050731E /* Project object */ = {
			isa = PBXProject;
			attributes = {
				LastSwiftUpdateCheck = 1240;
				LastUpgradeCheck = 1240;
				TargetAttributes = {
					D17AF1EC260B60E80050731E = {
						CreatedOnToolsVersion = 12.4;
					};
					D17AF202260B60EB0050731E = {
						CreatedOnToolsVersion = 12.4;
						TestTargetID = D17AF1EC260B60E80050731E;
					};
					D17AF20D260B60EB0050731E = {
						CreatedOnToolsVersion = 12.4;
						TestTargetID = D17AF1EC260B60E80050731E;
					};
				};
			};
			buildConfigurationList = D17AF1E8260B60E80050731E /* Build configuration list for PBXProject "NewsApp" */;
			compatibilityVersion = "Xcode 9.3";
			developmentRegion = en;
			hasScannedForEncodings = 0;
			knownRegions = (
				en,
				Base,
			);
			mainGroup = D17AF1E4260B60E80050731E;
			packageReferences = (
				D17AF288260B7A5F0050731E /* XCRemoteSwiftPackageReference "Alamofire" */,
			);
			productRefGroup = D17AF1EE260B60E80050731E /* Products */;
			projectDirPath = "";
			projectRoot = "";
			targets = (
				D17AF1EC260B60E80050731E /* NewsApp */,
				D17AF202260B60EB0050731E /* NewsAppTests */,
				D17AF20D260B60EB0050731E /* NewsAppUITests */,
			);
		};
/* End PBXProject section */

/* Begin PBXResourcesBuildPhase section */
		D17AF1EB260B60E80050731E /* Resources */ = {
			isa = PBXResourcesBuildPhase;
			buildActionMask = 2147483647;
			files = (
				D17AF1FD260B60EA0050731E /* LaunchScreen.storyboard in Resources */,
				D17AF1FA260B60EA0050731E /* Assets.xcassets in Resources */,
				D17AF3A8260BEABC0050731E /* newsmock.json in Resources */,
			);
			runOnlyForDeploymentPostprocessing = 0;
		};
		D17AF201260B60EB0050731E /* Resources */ = {
			isa = PBXResourcesBuildPhase;
			buildActionMask = 2147483647;
			files = (
			);
			runOnlyForDeploymentPostprocessing = 0;
		};
		D17AF20C260B60EB0050731E /* Resources */ = {
			isa = PBXResourcesBuildPhase;
			buildActionMask = 2147483647;
			files = (
			);
			runOnlyForDeploymentPostprocessing = 0;
		};
/* End PBXResourcesBuildPhase section */

/* Begin PBXShellScriptBuildPhase section */
		12CC342B712BAFE1EC4C14C1 /* [CP] Check Pods Manifest.lock */ = {
			isa = PBXShellScriptBuildPhase;
			buildActionMask = 2147483647;
			files = (
			);
			inputFileListPaths = (
			);
			inputPaths = (
				"${PODS_PODFILE_DIR_PATH}/Podfile.lock",
				"${PODS_ROOT}/Manifest.lock",
			);
			name = "[CP] Check Pods Manifest.lock";
			outputFileListPaths = (
			);
			outputPaths = (
				"$(DERIVED_FILE_DIR)/Pods-NewsApp-checkManifestLockResult.txt",
			);
			runOnlyForDeploymentPostprocessing = 0;
			shellPath = /bin/sh;
			shellScript = "diff \"${PODS_PODFILE_DIR_PATH}/Podfile.lock\" \"${PODS_ROOT}/Manifest.lock\" > /dev/null\nif [ $? != 0 ] ; then\n    # print error to STDERR\n    echo \"error: The sandbox is not in sync with the Podfile.lock. Run 'pod install' or update your CocoaPods installation.\" >&2\n    exit 1\nfi\n# This output is used by Xcode 'outputs' to avoid re-running this script phase.\necho \"SUCCESS\" > \"${SCRIPT_OUTPUT_FILE_0}\"\n";
			showEnvVarsInLog = 0;
		};
		3BDEAC08F550B9BA82C8E8C0 /* [CP] Check Pods Manifest.lock */ = {
			isa = PBXShellScriptBuildPhase;
			buildActionMask = 2147483647;
			files = (
			);
			inputFileListPaths = (
			);
			inputPaths = (
				"${PODS_PODFILE_DIR_PATH}/Podfile.lock",
				"${PODS_ROOT}/Manifest.lock",
			);
			name = "[CP] Check Pods Manifest.lock";
			outputFileListPaths = (
			);
			outputPaths = (
				"$(DERIVED_FILE_DIR)/Pods-NewsAppTests-checkManifestLockResult.txt",
			);
			runOnlyForDeploymentPostprocessing = 0;
			shellPath = /bin/sh;
			shellScript = "diff \"${PODS_PODFILE_DIR_PATH}/Podfile.lock\" \"${PODS_ROOT}/Manifest.lock\" > /dev/null\nif [ $? != 0 ] ; then\n    # print error to STDERR\n    echo \"error: The sandbox is not in sync with the Podfile.lock. Run 'pod install' or update your CocoaPods installation.\" >&2\n    exit 1\nfi\n# This output is used by Xcode 'outputs' to avoid re-running this script phase.\necho \"SUCCESS\" > \"${SCRIPT_OUTPUT_FILE_0}\"\n";
			showEnvVarsInLog = 0;
		};
		C4C788C8DC56E2A5AD31B11C /* [CP] Check Pods Manifest.lock */ = {
			isa = PBXShellScriptBuildPhase;
			buildActionMask = 2147483647;
			files = (
			);
			inputFileListPaths = (
			);
			inputPaths = (
				"${PODS_PODFILE_DIR_PATH}/Podfile.lock",
				"${PODS_ROOT}/Manifest.lock",
			);
			name = "[CP] Check Pods Manifest.lock";
			outputFileListPaths = (
			);
			outputPaths = (
				"$(DERIVED_FILE_DIR)/Pods-NewsApp-NewsAppUITests-checkManifestLockResult.txt",
			);
			runOnlyForDeploymentPostprocessing = 0;
			shellPath = /bin/sh;
			shellScript = "diff \"${PODS_PODFILE_DIR_PATH}/Podfile.lock\" \"${PODS_ROOT}/Manifest.lock\" > /dev/null\nif [ $? != 0 ] ; then\n    # print error to STDERR\n    echo \"error: The sandbox is not in sync with the Podfile.lock. Run 'pod install' or update your CocoaPods installation.\" >&2\n    exit 1\nfi\n# This output is used by Xcode 'outputs' to avoid re-running this script phase.\necho \"SUCCESS\" > \"${SCRIPT_OUTPUT_FILE_0}\"\n";
			showEnvVarsInLog = 0;
		};
/* End PBXShellScriptBuildPhase section */

/* Begin PBXSourcesBuildPhase section */
		D17AF1E9260B60E80050731E /* Sources */ = {
			isa = PBXSourcesBuildPhase;
			buildActionMask = 2147483647;
			files = (
				D12D3F93260E3F61006DF1BB /* News.xcdatamodeld in Sources */,
				D17AF2AB260B85B80050731E /* CancellablesManager.swift in Sources */,
				D12D3FF1260FE13A006DF1BB /* Weak.swift in Sources */,
				D17AF323260B9A140050731E /* APIClient.swift in Sources */,
				D17AF25E260B6C690050731E /* ArticleDTO.swift in Sources */,
				D17AF22E260B67950050731E /* NewsScreen+View.swift in Sources */,
				D12D400E260FED6A006DF1BB /* ArticlePresentationModel.swift in Sources */,
				D17AF24C260B6AC90050731E /* GetEverithing.swift in Sources */,
				D17AF26A260B731C0050731E /* GetTopHeadlines.swift in Sources */,
				D17AF281260B74430050731E /* APIRequestBuilder.swift in Sources */,
				D12D4001260FEC30006DF1BB /* UILabel+Style.swift in Sources */,
				D17AF30A260B98DD0050731E /* RootView.swift in Sources */,
				D17AF305260B98C10050731E /* Root+Presenter.swift in Sources */,
				D137C595260FF5D9006A3778 /* CoreDataLocalCategoryResult.swift in Sources */,
				D17AF3C5260CDB950050731E /* Collection+Safe.swift in Sources */,
				D17AF23E260B6A310050731E /* Keys.swift in Sources */,
				D17AF238260B67BE0050731E /* NewsScreen+Presenter.swift in Sources */,
				D12D4032260FEF27006DF1BB /* CoreDataLocalArticle.swift in Sources */,
				D12D4020260FEE39006DF1BB /* CoreDataEntities.swift in Sources */,
				D17AF37A260BC64F0050731E /* ImageManager.swift in Sources */,
				D17AF30F260B98F00050731E /* Root+View.swift in Sources */,
				D17AF2A0260B83E40050731E /* APIProviderGroup.swift in Sources */,
				D12D3FB7260E6E64006DF1BB /* ArticleHorizontalCollectionViewCell.swift in Sources */,
				D10ACF39260DCE6600DD45D4 /* ArticleCellView.swift in Sources */,
				D17AF387260BC73A0050731E /* ImageProvider.swift in Sources */,
				D17AF244260B6A880050731E /* APIManager.swift in Sources */,
				D12D3FEB260F744B006DF1BB /* NewsLoader.swift in Sources */,
				D17AF349260B9EE80050731E /* Endpoints.swift in Sources */,
				D17AF233260B67A40050731E /* NewsScreenView.swift in Sources */,
				D17AF229260B61BD0050731E /* NewsScreen.swift in Sources */,
				D12D3F99260E4232006DF1BB /* LocalStorageManager.swift in Sources */,
				D17AF27B260B73510050731E /* GetNewsSortMethod.swift in Sources */,
				D12D3FD6260F2C2E006DF1BB /* NewsManager.swift in Sources */,
				D17AF28F260B81560050731E /* APIManager+Error.swift in Sources */,
				D17AF251260B6AD50050731E /* APIRequest.swift in Sources */,
				D17AF263260B6C920050731E /* NewsSource.swift in Sources */,
				D17AF257260B6BF60050731E /* News.swift in Sources */,
				D12D3FC1260E9CB1006DF1BB /* TopBar.swift in Sources */,
				D17AF2B5260B866A0050731E /* NSLock.swift in Sources */,
				D17AF2BF260B89CC0050731E /* URLSessionTask+CancellableHashable.swift in Sources */,
				D17AF381260BC6780050731E /* Cache.swift in Sources */,
				D12D4009260FED05006DF1BB /* ArticleModel.swift in Sources */,
				D17AF392260BCD7D0050731E /* UIView+Shadow.swift in Sources */,
				D17AF3AD260BF2090050731E /* NewsScreen+View+UIScrollViewDelegate.swift in Sources */,
				D12D3FBC260E99A6006DF1BB /* NewsScreen+View+UICollectionViewDelegate.swift in Sources */,
				D17AF328260B9A5F0050731E /* NewsRequests.swift in Sources */,
				D17AF336260B9AFA0050731E /* VoidParameters.swift in Sources */,
				D12D402A260FEF18006DF1BB /* CoreDataLocalImage.swift in Sources */,
				D17AF1F1260B60E80050731E /* AppDelegate.swift in Sources */,
				D17AF298260B83D10050731E /* APIProvider.swift in Sources */,
				D17AF2FD260B98AB0050731E /* Root.swift in Sources */,
				D17AF1F3260B60E80050731E /* SceneDelegate.swift in Sources */,
				D12D4016260FEDCA006DF1BB /* NewsAuthorization.swift in Sources */,
				D17AF273260B73390050731E /* GetNewsStatus.swift in Sources */,
				D17AF33C260B9D340050731E /* UIView+Constraints.swift in Sources */,
				D17AF331260B9AC70050731E /* CleanParameterEncoder.swift in Sources */,
				D17AF2A5260B843C0050731E /* AppEnvironment.swift in Sources */,
				D17AF3B3260C5F1D0050731E /* UILabel+LineCount.swift in Sources */,
				D17AF344260B9DBC0050731E /* APIProvider+News.swift in Sources */,
				D12D3FFC260FEBE5006DF1BB /* UIView+Presentation.swift in Sources */,
				D17AF358260BA3F80050731E /* Article.swift in Sources */,
				D17AF39D260BE3510050731E /* UIStackView.swift in Sources */,
			);
			runOnlyForDeploymentPostprocessing = 0;
		};
		D17AF1FF260B60EB0050731E /* Sources */ = {
			isa = PBXSourcesBuildPhase;
			buildActionMask = 2147483647;
			files = (
				D17AF208260B60EB0050731E /* NewsAppTests.swift in Sources */,
			);
			runOnlyForDeploymentPostprocessing = 0;
		};
		D17AF20A260B60EB0050731E /* Sources */ = {
			isa = PBXSourcesBuildPhase;
			buildActionMask = 2147483647;
			files = (
				D17AF213260B60EB0050731E /* NewsAppUITests.swift in Sources */,
			);
			runOnlyForDeploymentPostprocessing = 0;
		};
/* End PBXSourcesBuildPhase section */

/* Begin PBXTargetDependency section */
		D17AF205260B60EB0050731E /* PBXTargetDependency */ = {
			isa = PBXTargetDependency;
			target = D17AF1EC260B60E80050731E /* NewsApp */;
			targetProxy = D17AF204260B60EB0050731E /* PBXContainerItemProxy */;
		};
		D17AF210260B60EB0050731E /* PBXTargetDependency */ = {
			isa = PBXTargetDependency;
			target = D17AF1EC260B60E80050731E /* NewsApp */;
			targetProxy = D17AF20F260B60EB0050731E /* PBXContainerItemProxy */;
		};
/* End PBXTargetDependency section */

/* Begin PBXVariantGroup section */
		D17AF1FB260B60EA0050731E /* LaunchScreen.storyboard */ = {
			isa = PBXVariantGroup;
			children = (
				D17AF1FC260B60EA0050731E /* Base */,
			);
			name = LaunchScreen.storyboard;
			sourceTree = "<group>";
		};
/* End PBXVariantGroup section */

/* Begin XCBuildConfiguration section */
		D17AF215260B60EB0050731E /* Debug */ = {
			isa = XCBuildConfiguration;
			buildSettings = {
				ALWAYS_SEARCH_USER_PATHS = NO;
				CLANG_ANALYZER_NONNULL = YES;
				CLANG_ANALYZER_NUMBER_OBJECT_CONVERSION = YES_AGGRESSIVE;
				CLANG_CXX_LANGUAGE_STANDARD = "gnu++14";
				CLANG_CXX_LIBRARY = "libc++";
				CLANG_ENABLE_MODULES = YES;
				CLANG_ENABLE_OBJC_ARC = YES;
				CLANG_ENABLE_OBJC_WEAK = YES;
				CLANG_WARN_BLOCK_CAPTURE_AUTORELEASING = YES;
				CLANG_WARN_BOOL_CONVERSION = YES;
				CLANG_WARN_COMMA = YES;
				CLANG_WARN_CONSTANT_CONVERSION = YES;
				CLANG_WARN_DEPRECATED_OBJC_IMPLEMENTATIONS = YES;
				CLANG_WARN_DIRECT_OBJC_ISA_USAGE = YES_ERROR;
				CLANG_WARN_DOCUMENTATION_COMMENTS = YES;
				CLANG_WARN_EMPTY_BODY = YES;
				CLANG_WARN_ENUM_CONVERSION = YES;
				CLANG_WARN_INFINITE_RECURSION = YES;
				CLANG_WARN_INT_CONVERSION = YES;
				CLANG_WARN_NON_LITERAL_NULL_CONVERSION = YES;
				CLANG_WARN_OBJC_IMPLICIT_RETAIN_SELF = YES;
				CLANG_WARN_OBJC_LITERAL_CONVERSION = YES;
				CLANG_WARN_OBJC_ROOT_CLASS = YES_ERROR;
				CLANG_WARN_QUOTED_INCLUDE_IN_FRAMEWORK_HEADER = YES;
				CLANG_WARN_RANGE_LOOP_ANALYSIS = YES;
				CLANG_WARN_STRICT_PROTOTYPES = YES;
				CLANG_WARN_SUSPICIOUS_MOVE = YES;
				CLANG_WARN_UNGUARDED_AVAILABILITY = YES_AGGRESSIVE;
				CLANG_WARN_UNREACHABLE_CODE = YES;
				CLANG_WARN__DUPLICATE_METHOD_MATCH = YES;
				COPY_PHASE_STRIP = NO;
				DEBUG_INFORMATION_FORMAT = dwarf;
				ENABLE_STRICT_OBJC_MSGSEND = YES;
				ENABLE_TESTABILITY = YES;
				GCC_C_LANGUAGE_STANDARD = gnu11;
				GCC_DYNAMIC_NO_PIC = NO;
				GCC_NO_COMMON_BLOCKS = YES;
				GCC_OPTIMIZATION_LEVEL = 0;
				GCC_PREPROCESSOR_DEFINITIONS = (
					"DEBUG=1",
					"$(inherited)",
				);
				GCC_WARN_64_TO_32_BIT_CONVERSION = YES;
				GCC_WARN_ABOUT_RETURN_TYPE = YES_ERROR;
				GCC_WARN_UNDECLARED_SELECTOR = YES;
				GCC_WARN_UNINITIALIZED_AUTOS = YES_AGGRESSIVE;
				GCC_WARN_UNUSED_FUNCTION = YES;
				GCC_WARN_UNUSED_VARIABLE = YES;
				IPHONEOS_DEPLOYMENT_TARGET = 14.4;
				MTL_ENABLE_DEBUG_INFO = INCLUDE_SOURCE;
				MTL_FAST_MATH = YES;
				ONLY_ACTIVE_ARCH = YES;
				SDKROOT = iphoneos;
				SWIFT_ACTIVE_COMPILATION_CONDITIONS = DEBUG;
				SWIFT_OPTIMIZATION_LEVEL = "-Onone";
			};
			name = Debug;
		};
		D17AF216260B60EB0050731E /* Release */ = {
			isa = XCBuildConfiguration;
			buildSettings = {
				ALWAYS_SEARCH_USER_PATHS = NO;
				CLANG_ANALYZER_NONNULL = YES;
				CLANG_ANALYZER_NUMBER_OBJECT_CONVERSION = YES_AGGRESSIVE;
				CLANG_CXX_LANGUAGE_STANDARD = "gnu++14";
				CLANG_CXX_LIBRARY = "libc++";
				CLANG_ENABLE_MODULES = YES;
				CLANG_ENABLE_OBJC_ARC = YES;
				CLANG_ENABLE_OBJC_WEAK = YES;
				CLANG_WARN_BLOCK_CAPTURE_AUTORELEASING = YES;
				CLANG_WARN_BOOL_CONVERSION = YES;
				CLANG_WARN_COMMA = YES;
				CLANG_WARN_CONSTANT_CONVERSION = YES;
				CLANG_WARN_DEPRECATED_OBJC_IMPLEMENTATIONS = YES;
				CLANG_WARN_DIRECT_OBJC_ISA_USAGE = YES_ERROR;
				CLANG_WARN_DOCUMENTATION_COMMENTS = YES;
				CLANG_WARN_EMPTY_BODY = YES;
				CLANG_WARN_ENUM_CONVERSION = YES;
				CLANG_WARN_INFINITE_RECURSION = YES;
				CLANG_WARN_INT_CONVERSION = YES;
				CLANG_WARN_NON_LITERAL_NULL_CONVERSION = YES;
				CLANG_WARN_OBJC_IMPLICIT_RETAIN_SELF = YES;
				CLANG_WARN_OBJC_LITERAL_CONVERSION = YES;
				CLANG_WARN_OBJC_ROOT_CLASS = YES_ERROR;
				CLANG_WARN_QUOTED_INCLUDE_IN_FRAMEWORK_HEADER = YES;
				CLANG_WARN_RANGE_LOOP_ANALYSIS = YES;
				CLANG_WARN_STRICT_PROTOTYPES = YES;
				CLANG_WARN_SUSPICIOUS_MOVE = YES;
				CLANG_WARN_UNGUARDED_AVAILABILITY = YES_AGGRESSIVE;
				CLANG_WARN_UNREACHABLE_CODE = YES;
				CLANG_WARN__DUPLICATE_METHOD_MATCH = YES;
				COPY_PHASE_STRIP = NO;
				DEBUG_INFORMATION_FORMAT = "dwarf-with-dsym";
				ENABLE_NS_ASSERTIONS = NO;
				ENABLE_STRICT_OBJC_MSGSEND = YES;
				GCC_C_LANGUAGE_STANDARD = gnu11;
				GCC_NO_COMMON_BLOCKS = YES;
				GCC_WARN_64_TO_32_BIT_CONVERSION = YES;
				GCC_WARN_ABOUT_RETURN_TYPE = YES_ERROR;
				GCC_WARN_UNDECLARED_SELECTOR = YES;
				GCC_WARN_UNINITIALIZED_AUTOS = YES_AGGRESSIVE;
				GCC_WARN_UNUSED_FUNCTION = YES;
				GCC_WARN_UNUSED_VARIABLE = YES;
				IPHONEOS_DEPLOYMENT_TARGET = 14.4;
				MTL_ENABLE_DEBUG_INFO = NO;
				MTL_FAST_MATH = YES;
				SDKROOT = iphoneos;
				SWIFT_COMPILATION_MODE = wholemodule;
				SWIFT_OPTIMIZATION_LEVEL = "-O";
				VALIDATE_PRODUCT = YES;
			};
			name = Release;
		};
		D17AF218260B60EB0050731E /* Debug */ = {
			isa = XCBuildConfiguration;
			baseConfigurationReference = BD3ADD09ADAADA6DC663589E /* Pods-NewsApp.debug.xcconfig */;
			buildSettings = {
				ASSETCATALOG_COMPILER_APPICON_NAME = AppIcon;
				ASSETCATALOG_COMPILER_GLOBAL_ACCENT_COLOR_NAME = AccentColor;
				CODE_SIGN_STYLE = Automatic;
				DEVELOPMENT_TEAM = 7Y79CZPY35;
				INFOPLIST_FILE = NewsApp/Info.plist;
				IPHONEOS_DEPLOYMENT_TARGET = 13.0;
				LD_RUNPATH_SEARCH_PATHS = (
					"$(inherited)",
					"@executable_path/Frameworks",
				);
				PRODUCT_BUNDLE_IDENTIFIER = ilevio.NewsApp;
				PRODUCT_NAME = "$(TARGET_NAME)";
				SWIFT_VERSION = 5.0;
				TARGETED_DEVICE_FAMILY = "1,2";
			};
			name = Debug;
		};
		D17AF219260B60EB0050731E /* Release */ = {
			isa = XCBuildConfiguration;
			baseConfigurationReference = 4D50EF208AEEB3939D2808B6 /* Pods-NewsApp.release.xcconfig */;
			buildSettings = {
				ASSETCATALOG_COMPILER_APPICON_NAME = AppIcon;
				ASSETCATALOG_COMPILER_GLOBAL_ACCENT_COLOR_NAME = AccentColor;
				CODE_SIGN_STYLE = Automatic;
				DEVELOPMENT_TEAM = 7Y79CZPY35;
				INFOPLIST_FILE = NewsApp/Info.plist;
				IPHONEOS_DEPLOYMENT_TARGET = 13.0;
				LD_RUNPATH_SEARCH_PATHS = (
					"$(inherited)",
					"@executable_path/Frameworks",
				);
				PRODUCT_BUNDLE_IDENTIFIER = ilevio.NewsApp;
				PRODUCT_NAME = "$(TARGET_NAME)";
				SWIFT_VERSION = 5.0;
				TARGETED_DEVICE_FAMILY = "1,2";
			};
			name = Release;
		};
		D17AF21B260B60EB0050731E /* Debug */ = {
			isa = XCBuildConfiguration;
			baseConfigurationReference = 42246D3962B454FF7136133F /* Pods-NewsAppTests.debug.xcconfig */;
			buildSettings = {
				ALWAYS_EMBED_SWIFT_STANDARD_LIBRARIES = YES;
				BUNDLE_LOADER = "$(TEST_HOST)";
				CODE_SIGN_STYLE = Automatic;
				DEVELOPMENT_TEAM = 7Y79CZPY35;
				INFOPLIST_FILE = NewsAppTests/Info.plist;
				IPHONEOS_DEPLOYMENT_TARGET = 14.4;
				LD_RUNPATH_SEARCH_PATHS = (
					"$(inherited)",
					"@executable_path/Frameworks",
					"@loader_path/Frameworks",
				);
				PRODUCT_BUNDLE_IDENTIFIER = ilevio.NewsAppTests;
				PRODUCT_NAME = "$(TARGET_NAME)";
				SWIFT_VERSION = 5.0;
				TARGETED_DEVICE_FAMILY = "1,2";
				TEST_HOST = "$(BUILT_PRODUCTS_DIR)/NewsApp.app/NewsApp";
			};
			name = Debug;
		};
		D17AF21C260B60EB0050731E /* Release */ = {
			isa = XCBuildConfiguration;
			baseConfigurationReference = 1BA1F7FF5A06FEB4673AF8F5 /* Pods-NewsAppTests.release.xcconfig */;
			buildSettings = {
				ALWAYS_EMBED_SWIFT_STANDARD_LIBRARIES = YES;
				BUNDLE_LOADER = "$(TEST_HOST)";
				CODE_SIGN_STYLE = Automatic;
				DEVELOPMENT_TEAM = 7Y79CZPY35;
				INFOPLIST_FILE = NewsAppTests/Info.plist;
				IPHONEOS_DEPLOYMENT_TARGET = 14.4;
				LD_RUNPATH_SEARCH_PATHS = (
					"$(inherited)",
					"@executable_path/Frameworks",
					"@loader_path/Frameworks",
				);
				PRODUCT_BUNDLE_IDENTIFIER = ilevio.NewsAppTests;
				PRODUCT_NAME = "$(TARGET_NAME)";
				SWIFT_VERSION = 5.0;
				TARGETED_DEVICE_FAMILY = "1,2";
				TEST_HOST = "$(BUILT_PRODUCTS_DIR)/NewsApp.app/NewsApp";
			};
			name = Release;
		};
		D17AF21E260B60EB0050731E /* Debug */ = {
			isa = XCBuildConfiguration;
			baseConfigurationReference = 4D1784A7E91F051CAD0E306E /* Pods-NewsApp-NewsAppUITests.debug.xcconfig */;
			buildSettings = {
				ALWAYS_EMBED_SWIFT_STANDARD_LIBRARIES = YES;
				CODE_SIGN_STYLE = Automatic;
				DEVELOPMENT_TEAM = 7Y79CZPY35;
				INFOPLIST_FILE = NewsAppUITests/Info.plist;
				LD_RUNPATH_SEARCH_PATHS = (
					"$(inherited)",
					"@executable_path/Frameworks",
					"@loader_path/Frameworks",
				);
				PRODUCT_BUNDLE_IDENTIFIER = ilevio.NewsAppUITests;
				PRODUCT_NAME = "$(TARGET_NAME)";
				SWIFT_VERSION = 5.0;
				TARGETED_DEVICE_FAMILY = "1,2";
				TEST_TARGET_NAME = NewsApp;
			};
			name = Debug;
		};
		D17AF21F260B60EB0050731E /* Release */ = {
			isa = XCBuildConfiguration;
			baseConfigurationReference = 78B3FE27212192E2B9D33CC1 /* Pods-NewsApp-NewsAppUITests.release.xcconfig */;
			buildSettings = {
				ALWAYS_EMBED_SWIFT_STANDARD_LIBRARIES = YES;
				CODE_SIGN_STYLE = Automatic;
				DEVELOPMENT_TEAM = 7Y79CZPY35;
				INFOPLIST_FILE = NewsAppUITests/Info.plist;
				LD_RUNPATH_SEARCH_PATHS = (
					"$(inherited)",
					"@executable_path/Frameworks",
					"@loader_path/Frameworks",
				);
				PRODUCT_BUNDLE_IDENTIFIER = ilevio.NewsAppUITests;
				PRODUCT_NAME = "$(TARGET_NAME)";
				SWIFT_VERSION = 5.0;
				TARGETED_DEVICE_FAMILY = "1,2";
				TEST_TARGET_NAME = NewsApp;
			};
			name = Release;
		};
/* End XCBuildConfiguration section */

/* Begin XCConfigurationList section */
		D17AF1E8260B60E80050731E /* Build configuration list for PBXProject "NewsApp" */ = {
			isa = XCConfigurationList;
			buildConfigurations = (
				D17AF215260B60EB0050731E /* Debug */,
				D17AF216260B60EB0050731E /* Release */,
			);
			defaultConfigurationIsVisible = 0;
			defaultConfigurationName = Release;
		};
		D17AF217260B60EB0050731E /* Build configuration list for PBXNativeTarget "NewsApp" */ = {
			isa = XCConfigurationList;
			buildConfigurations = (
				D17AF218260B60EB0050731E /* Debug */,
				D17AF219260B60EB0050731E /* Release */,
			);
			defaultConfigurationIsVisible = 0;
			defaultConfigurationName = Release;
		};
		D17AF21A260B60EB0050731E /* Build configuration list for PBXNativeTarget "NewsAppTests" */ = {
			isa = XCConfigurationList;
			buildConfigurations = (
				D17AF21B260B60EB0050731E /* Debug */,
				D17AF21C260B60EB0050731E /* Release */,
			);
			defaultConfigurationIsVisible = 0;
			defaultConfigurationName = Release;
		};
		D17AF21D260B60EB0050731E /* Build configuration list for PBXNativeTarget "NewsAppUITests" */ = {
			isa = XCConfigurationList;
			buildConfigurations = (
				D17AF21E260B60EB0050731E /* Debug */,
				D17AF21F260B60EB0050731E /* Release */,
			);
			defaultConfigurationIsVisible = 0;
			defaultConfigurationName = Release;
		};
/* End XCConfigurationList section */

/* Begin XCRemoteSwiftPackageReference section */
		D17AF288260B7A5F0050731E /* XCRemoteSwiftPackageReference "Alamofire" */ = {
			isa = XCRemoteSwiftPackageReference;
			repositoryURL = "git@github.com:Alamofire/Alamofire.git";
			requirement = {
				kind = upToNextMajorVersion;
				minimumVersion = 5.4.1;
			};
		};
/* End XCRemoteSwiftPackageReference section */

/* Begin XCSwiftPackageProductDependency section */
		D17AF289260B7A5F0050731E /* Alamofire */ = {
			isa = XCSwiftPackageProductDependency;
			package = D17AF288260B7A5F0050731E /* XCRemoteSwiftPackageReference "Alamofire" */;
			productName = Alamofire;
		};
/* End XCSwiftPackageProductDependency section */

/* Begin XCVersionGroup section */
		D12D3F91260E3F60006DF1BB /* News.xcdatamodeld */ = {
			isa = XCVersionGroup;
			children = (
				D12D3F92260E3F61006DF1BB /* News.xcdatamodel */,
			);
			currentVersion = D12D3F92260E3F61006DF1BB /* News.xcdatamodel */;
			path = News.xcdatamodeld;
			sourceTree = "<group>";
			versionGroupType = wrapper.xcdatamodel;
		};
/* End XCVersionGroup section */
	};
	rootObject = D17AF1E5260B60E80050731E /* Project object */;
}
