// !$*UTF8*$!
{
	archiveVersion = 1;
	classes = {
	};
	objectVersion = 50;
	objects = {

/* Begin PBXBuildFile section */
		D17AF1F1260B60E80050731E /* AppDelegate.swift in Sources */ = {isa = PBXBuildFile; fileRef = D17AF1F0260B60E80050731E /* AppDelegate.swift */; };
		D17AF1F3260B60E80050731E /* SceneDelegate.swift in Sources */ = {isa = PBXBuildFile; fileRef = D17AF1F2260B60E80050731E /* SceneDelegate.swift */; };
		D17AF1F5260B60E80050731E /* ViewController.swift in Sources */ = {isa = PBXBuildFile; fileRef = D17AF1F4260B60E80050731E /* ViewController.swift */; };
		D17AF1F8260B60E80050731E /* Main.storyboard in Resources */ = {isa = PBXBuildFile; fileRef = D17AF1F6260B60E80050731E /* Main.storyboard */; };
		D17AF1FA260B60EA0050731E /* Assets.xcassets in Resources */ = {isa = PBXBuildFile; fileRef = D17AF1F9260B60EA0050731E /* Assets.xcassets */; };
		D17AF1FD260B60EA0050731E /* LaunchScreen.storyboard in Resources */ = {isa = PBXBuildFile; fileRef = D17AF1FB260B60EA0050731E /* LaunchScreen.storyboard */; };
		D17AF208260B60EB0050731E /* NewsAppTests.swift in Sources */ = {isa = PBXBuildFile; fileRef = D17AF207260B60EB0050731E /* NewsAppTests.swift */; };
		D17AF213260B60EB0050731E /* NewsAppUITests.swift in Sources */ = {isa = PBXBuildFile; fileRef = D17AF212260B60EB0050731E /* NewsAppUITests.swift */; };
/* End PBXBuildFile section */

/* Begin PBXContainerItemProxy section */
		D17AF204260B60EB0050731E /* PBXContainerItemProxy */ = {
			isa = PBXContainerItemProxy;
			containerPortal = D17AF1E5260B60E80050731E /* Project object */;
			proxyType = 1;
			remoteGlobalIDString = D17AF1EC260B60E80050731E;
			remoteInfo = NewsApp;
		};
		D17AF20F260B60EB0050731E /* PBXContainerItemProxy */ = {
			isa = PBXContainerItemProxy;
			containerPortal = D17AF1E5260B60E80050731E /* Project object */;
			proxyType = 1;
			remoteGlobalIDString = D17AF1EC260B60E80050731E;
			remoteInfo = NewsApp;
		};
/* End PBXContainerItemProxy section */

/* Begin PBXFileReference section */
		D17AF1ED260B60E80050731E /* NewsApp.app */ = {isa = PBXFileReference; explicitFileType = wrapper.application; includeInIndex = 0; path = NewsApp.app; sourceTree = BUILT_PRODUCTS_DIR; };
		D17AF1F0260B60E80050731E /* AppDelegate.swift */ = {isa = PBXFileReference; lastKnownFileType = sourcecode.swift; path = AppDelegate.swift; sourceTree = "<group>"; };
		D17AF1F2260B60E80050731E /* SceneDelegate.swift */ = {isa = PBXFileReference; lastKnownFileType = sourcecode.swift; path = SceneDelegate.swift; sourceTree = "<group>"; };
		D17AF1F4260B60E80050731E /* ViewController.swift */ = {isa = PBXFileReference; lastKnownFileType = sourcecode.swift; path = ViewController.swift; sourceTree = "<group>"; };
		D17AF1F7260B60E80050731E /* Base */ = {isa = PBXFileReference; lastKnownFileType = file.storyboard; name = Base; path = Base.lproj/Main.storyboard; sourceTree = "<group>"; };
		D17AF1F9260B60EA0050731E /* Assets.xcassets */ = {isa = PBXFileReference; lastKnownFileType = folder.assetcatalog; path = Assets.xcassets; sourceTree = "<group>"; };
		D17AF1FC260B60EA0050731E /* Base */ = {isa = PBXFileReference; lastKnownFileType = file.storyboard; name = Base; path = Base.lproj/LaunchScreen.storyboard; sourceTree = "<group>"; };
		D17AF1FE260B60EA0050731E /* Info.plist */ = {isa = PBXFileReference; lastKnownFileType = text.plist.xml; path = Info.plist; sourceTree = "<group>"; };
		D17AF203260B60EB0050731E /* NewsAppTests.xctest */ = {isa = PBXFileReference; explicitFileType = wrapper.cfbundle; includeInIndex = 0; path = NewsAppTests.xctest; sourceTree = BUILT_PRODUCTS_DIR; };
		D17AF207260B60EB0050731E /* NewsAppTests.swift */ = {isa = PBXFileReference; lastKnownFileType = sourcecode.swift; path = NewsAppTests.swift; sourceTree = "<group>"; };
		D17AF209260B60EB0050731E /* Info.plist */ = {isa = PBXFileReference; lastKnownFileType = text.plist.xml; path = Info.plist; sourceTree = "<group>"; };
		D17AF20E260B60EB0050731E /* NewsAppUITests.xctest */ = {isa = PBXFileReference; explicitFileType = wrapper.cfbundle; includeInIndex = 0; path = NewsAppUITests.xctest; sourceTree = BUILT_PRODUCTS_DIR; };
		D17AF212260B60EB0050731E /* NewsAppUITests.swift */ = {isa = PBXFileReference; lastKnownFileType = sourcecode.swift; path = NewsAppUITests.swift; sourceTree = "<group>"; };
		D17AF214260B60EB0050731E /* Info.plist */ = {isa = PBXFileReference; lastKnownFileType = text.plist.xml; path = Info.plist; sourceTree = "<group>"; };
/* End PBXFileReference section */

/* Begin PBXFrameworksBuildPhase section */
		D17AF1EA260B60E80050731E /* Frameworks */ = {
			isa = PBXFrameworksBuildPhase;
			buildActionMask = 2147483647;
			files = (
			);
			runOnlyForDeploymentPostprocessing = 0;
		};
		D17AF200260B60EB0050731E /* Frameworks */ = {
			isa = PBXFrameworksBuildPhase;
			buildActionMask = 2147483647;
			files = (
			);
			runOnlyForDeploymentPostprocessing = 0;
		};
		D17AF20B260B60EB0050731E /* Frameworks */ = {
			isa = PBXFrameworksBuildPhase;
			buildActionMask = 2147483647;
			files = (
			);
			runOnlyForDeploymentPostprocessing = 0;
		};
/* End PBXFrameworksBuildPhase section */

/* Begin PBXGroup section */
		D17AF1E4260B60E80050731E = {
			isa = PBXGroup;
			children = (
				D17AF1EF260B60E80050731E /* NewsApp */,
				D17AF206260B60EB0050731E /* NewsAppTests */,
				D17AF211260B60EB0050731E /* NewsAppUITests */,
				D17AF1EE260B60E80050731E /* Products */,
			);
			sourceTree = "<group>";
		};
		D17AF1EE260B60E80050731E /* Products */ = {
			isa = PBXGroup;
			children = (
				D17AF1ED260B60E80050731E /* NewsApp.app */,
				D17AF203260B60EB0050731E /* NewsAppTests.xctest */,
				D17AF20E260B60EB0050731E /* NewsAppUITests.xctest */,
			);
			name = Products;
			sourceTree = "<group>";
		};
		D17AF1EF260B60E80050731E /* NewsApp */ = {
			isa = PBXGroup;
			children = (
				D17AF1F0260B60E80050731E /* AppDelegate.swift */,
				D17AF1F2260B60E80050731E /* SceneDelegate.swift */,
				D17AF1F4260B60E80050731E /* ViewController.swift */,
				D17AF1F6260B60E80050731E /* Main.storyboard */,
				D17AF1F9260B60EA0050731E /* Assets.xcassets */,
				D17AF1FB260B60EA0050731E /* LaunchScreen.storyboard */,
				D17AF1FE260B60EA0050731E /* Info.plist */,
			);
			path = NewsApp;
			sourceTree = "<group>";
		};
		D17AF206260B60EB0050731E /* NewsAppTests */ = {
			isa = PBXGroup;
			children = (
				D17AF207260B60EB0050731E /* NewsAppTests.swift */,
				D17AF209260B60EB0050731E /* Info.plist */,
			);
			path = NewsAppTests;
			sourceTree = "<group>";
		};
		D17AF211260B60EB0050731E /* NewsAppUITests */ = {
			isa = PBXGroup;
			children = (
				D17AF212260B60EB0050731E /* NewsAppUITests.swift */,
				D17AF214260B60EB0050731E /* Info.plist */,
			);
			path = NewsAppUITests;
			sourceTree = "<group>";
		};
/* End PBXGroup section */

/* Begin PBXNativeTarget section */
		D17AF1EC260B60E80050731E /* NewsApp */ = {
			isa = PBXNativeTarget;
			buildConfigurationList = D17AF217260B60EB0050731E /* Build configuration list for PBXNativeTarget "NewsApp" */;
			buildPhases = (
				D17AF1E9260B60E80050731E /* Sources */,
				D17AF1EA260B60E80050731E /* Frameworks */,
				D17AF1EB260B60E80050731E /* Resources */,
			);
			buildRules = (
			);
			dependencies = (
			);
			name = NewsApp;
			productName = NewsApp;
			productReference = D17AF1ED260B60E80050731E /* NewsApp.app */;
			productType = "com.apple.product-type.application";
		};
		D17AF202260B60EB0050731E /* NewsAppTests */ = {
			isa = PBXNativeTarget;
			buildConfigurationList = D17AF21A260B60EB0050731E /* Build configuration list for PBXNativeTarget "NewsAppTests" */;
			buildPhases = (
				D17AF1FF260B60EB0050731E /* Sources */,
				D17AF200260B60EB0050731E /* Frameworks */,
				D17AF201260B60EB0050731E /* Resources */,
			);
			buildRules = (
			);
			dependencies = (
				D17AF205260B60EB0050731E /* PBXTargetDependency */,
			);
			name = NewsAppTests;
			productName = NewsAppTests;
			productReference = D17AF203260B60EB0050731E /* NewsAppTests.xctest */;
			productType = "com.apple.product-type.bundle.unit-test";
		};
		D17AF20D260B60EB0050731E /* NewsAppUITests */ = {
			isa = PBXNativeTarget;
			buildConfigurationList = D17AF21D260B60EB0050731E /* Build configuration list for PBXNativeTarget "NewsAppUITests" */;
			buildPhases = (
				D17AF20A260B60EB0050731E /* Sources */,
				D17AF20B260B60EB0050731E /* Frameworks */,
				D17AF20C260B60EB0050731E /* Resources */,
			);
			buildRules = (
			);
			dependencies = (
				D17AF210260B60EB0050731E /* PBXTargetDependency */,
			);
			name = NewsAppUITests;
			productName = NewsAppUITests;
			productReference = D17AF20E260B60EB0050731E /* NewsAppUITests.xctest */;
			productType = "com.apple.product-type.bundle.ui-testing";
		};
/* End PBXNativeTarget section */

/* Begin PBXProject section */
		D17AF1E5260B60E80050731E /* Project object */ = {
			isa = PBXProject;
			attributes = {
				LastSwiftUpdateCheck = 1240;
				LastUpgradeCheck = 1240;
				TargetAttributes = {
					D17AF1EC260B60E80050731E = {
						CreatedOnToolsVersion = 12.4;
					};
					D17AF202260B60EB0050731E = {
						CreatedOnToolsVersion = 12.4;
						TestTargetID = D17AF1EC260B60E80050731E;
					};
					D17AF20D260B60EB0050731E = {
						CreatedOnToolsVersion = 12.4;
						TestTargetID = D17AF1EC260B60E80050731E;
					};
				};
			};
			buildConfigurationList = D17AF1E8260B60E80050731E /* Build configuration list for PBXProject "NewsApp" */;
			compatibilityVersion = "Xcode 9.3";
			developmentRegion = en;
			hasScannedForEncodings = 0;
			knownRegions = (
				en,
				Base,
			);
			mainGroup = D17AF1E4260B60E80050731E;
			productRefGroup = D17AF1EE260B60E80050731E /* Products */;
			projectDirPath = "";
			projectRoot = "";
			targets = (
				D17AF1EC260B60E80050731E /* NewsApp */,
				D17AF202260B60EB0050731E /* NewsAppTests */,
				D17AF20D260B60EB0050731E /* NewsAppUITests */,
			);
		};
/* End PBXProject section */

/* Begin PBXResourcesBuildPhase section */
		D17AF1EB260B60E80050731E /* Resources */ = {
			isa = PBXResourcesBuildPhase;
			buildActionMask = 2147483647;
			files = (
				D17AF1FD260B60EA0050731E /* LaunchScreen.storyboard in Resources */,
				D17AF1FA260B60EA0050731E /* Assets.xcassets in Resources */,
				D17AF1F8260B60E80050731E /* Main.storyboard in Resources */,
			);
			runOnlyForDeploymentPostprocessing = 0;
		};
		D17AF201260B60EB0050731E /* Resources */ = {
			isa = PBXResourcesBuildPhase;
			buildActionMask = 2147483647;
			files = (
			);
			runOnlyForDeploymentPostprocessing = 0;
		};
		D17AF20C260B60EB0050731E /* Resources */ = {
			isa = PBXResourcesBuildPhase;
			buildActionMask = 2147483647;
			files = (
			);
			runOnlyForDeploymentPostprocessing = 0;
		};
/* End PBXResourcesBuildPhase section */

/* Begin PBXSourcesBuildPhase section */
		D17AF1E9260B60E80050731E /* Sources */ = {
			isa = PBXSourcesBuildPhase;
			buildActionMask = 2147483647;
			files = (
				D17AF1F5260B60E80050731E /* ViewController.swift in Sources */,
				D17AF1F1260B60E80050731E /* AppDelegate.swift in Sources */,
				D17AF1F3260B60E80050731E /* SceneDelegate.swift in Sources */,
			);
			runOnlyForDeploymentPostprocessing = 0;
		};
		D17AF1FF260B60EB0050731E /* Sources */ = {
			isa = PBXSourcesBuildPhase;
			buildActionMask = 2147483647;
			files = (
				D17AF208260B60EB0050731E /* NewsAppTests.swift in Sources */,
			);
			runOnlyForDeploymentPostprocessing = 0;
		};
		D17AF20A260B60EB0050731E /* Sources */ = {
			isa = PBXSourcesBuildPhase;
			buildActionMask = 2147483647;
			files = (
				D17AF213260B60EB0050731E /* NewsAppUITests.swift in Sources */,
			);
			runOnlyForDeploymentPostprocessing = 0;
		};
/* End PBXSourcesBuildPhase section */

/* Begin PBXTargetDependency section */
		D17AF205260B60EB0050731E /* PBXTargetDependency */ = {
			isa = PBXTargetDependency;
			target = D17AF1EC260B60E80050731E /* NewsApp */;
			targetProxy = D17AF204260B60EB0050731E /* PBXContainerItemProxy */;
		};
		D17AF210260B60EB0050731E /* PBXTargetDependency */ = {
			isa = PBXTargetDependency;
			target = D17AF1EC260B60E80050731E /* NewsApp */;
			targetProxy = D17AF20F260B60EB0050731E /* PBXContainerItemProxy */;
		};
/* End PBXTargetDependency section */

/* Begin PBXVariantGroup section */
		D17AF1F6260B60E80050731E /* Main.storyboard */ = {
			isa = PBXVariantGroup;
			children = (
				D17AF1F7260B60E80050731E /* Base */,
			);
			name = Main.storyboard;
			sourceTree = "<group>";
		};
		D17AF1FB260B60EA0050731E /* LaunchScreen.storyboard */ = {
			isa = PBXVariantGroup;
			children = (
				D17AF1FC260B60EA0050731E /* Base */,
			);
			name = LaunchScreen.storyboard;
			sourceTree = "<group>";
		};
/* End PBXVariantGroup section */

/* Begin XCBuildConfiguration section */
		D17AF215260B60EB0050731E /* Debug */ = {
			isa = XCBuildConfiguration;
			buildSettings = {
				ALWAYS_SEARCH_USER_PATHS = NO;
				CLANG_ANALYZER_NONNULL = YES;
				CLANG_ANALYZER_NUMBER_OBJECT_CONVERSION = YES_AGGRESSIVE;
				CLANG_CXX_LANGUAGE_STANDARD = "gnu++14";
				CLANG_CXX_LIBRARY = "libc++";
				CLANG_ENABLE_MODULES = YES;
				CLANG_ENABLE_OBJC_ARC = YES;
				CLANG_ENABLE_OBJC_WEAK = YES;
				CLANG_WARN_BLOCK_CAPTURE_AUTORELEASING = YES;
				CLANG_WARN_BOOL_CONVERSION = YES;
				CLANG_WARN_COMMA = YES;
				CLANG_WARN_CONSTANT_CONVERSION = YES;
				CLANG_WARN_DEPRECATED_OBJC_IMPLEMENTATIONS = YES;
				CLANG_WARN_DIRECT_OBJC_ISA_USAGE = YES_ERROR;
				CLANG_WARN_DOCUMENTATION_COMMENTS = YES;
				CLANG_WARN_EMPTY_BODY = YES;
				CLANG_WARN_ENUM_CONVERSION = YES;
				CLANG_WARN_INFINITE_RECURSION = YES;
				CLANG_WARN_INT_CONVERSION = YES;
				CLANG_WARN_NON_LITERAL_NULL_CONVERSION = YES;
				CLANG_WARN_OBJC_IMPLICIT_RETAIN_SELF = YES;
				CLANG_WARN_OBJC_LITERAL_CONVERSION = YES;
				CLANG_WARN_OBJC_ROOT_CLASS = YES_ERROR;
				CLANG_WARN_QUOTED_INCLUDE_IN_FRAMEWORK_HEADER = YES;
				CLANG_WARN_RANGE_LOOP_ANALYSIS = YES;
				CLANG_WARN_STRICT_PROTOTYPES = YES;
				CLANG_WARN_SUSPICIOUS_MOVE = YES;
				CLANG_WARN_UNGUARDED_AVAILABILITY = YES_AGGRESSIVE;
				CLANG_WARN_UNREACHABLE_CODE = YES;
				CLANG_WARN__DUPLICATE_METHOD_MATCH = YES;
				COPY_PHASE_STRIP = NO;
				DEBUG_INFORMATION_FORMAT = dwarf;
				ENABLE_STRICT_OBJC_MSGSEND = YES;
				ENABLE_TESTABILITY = YES;
				GCC_C_LANGUAGE_STANDARD = gnu11;
				GCC_DYNAMIC_NO_PIC = NO;
				GCC_NO_COMMON_BLOCKS = YES;
				GCC_OPTIMIZATION_LEVEL = 0;
				GCC_PREPROCESSOR_DEFINITIONS = (
					"DEBUG=1",
					"$(inherited)",
				);
				GCC_WARN_64_TO_32_BIT_CONVERSION = YES;
				GCC_WARN_ABOUT_RETURN_TYPE = YES_ERROR;
				GCC_WARN_UNDECLARED_SELECTOR = YES;
				GCC_WARN_UNINITIALIZED_AUTOS = YES_AGGRESSIVE;
				GCC_WARN_UNUSED_FUNCTION = YES;
				GCC_WARN_UNUSED_VARIABLE = YES;
				IPHONEOS_DEPLOYMENT_TARGET = 14.4;
				MTL_ENABLE_DEBUG_INFO = INCLUDE_SOURCE;
				MTL_FAST_MATH = YES;
				ONLY_ACTIVE_ARCH = YES;
				SDKROOT = iphoneos;
				SWIFT_ACTIVE_COMPILATION_CONDITIONS = DEBUG;
				SWIFT_OPTIMIZATION_LEVEL = "-Onone";
			};
			name = Debug;
		};
		D17AF216260B60EB0050731E /* Release */ = {
			isa = XCBuildConfiguration;
			buildSettings = {
				ALWAYS_SEARCH_USER_PATHS = NO;
				CLANG_ANALYZER_NONNULL = YES;
				CLANG_ANALYZER_NUMBER_OBJECT_CONVERSION = YES_AGGRESSIVE;
				CLANG_CXX_LANGUAGE_STANDARD = "gnu++14";
				CLANG_CXX_LIBRARY = "libc++";
				CLANG_ENABLE_MODULES = YES;
				CLANG_ENABLE_OBJC_ARC = YES;
				CLANG_ENABLE_OBJC_WEAK = YES;
				CLANG_WARN_BLOCK_CAPTURE_AUTORELEASING = YES;
				CLANG_WARN_BOOL_CONVERSION = YES;
				CLANG_WARN_COMMA = YES;
				CLANG_WARN_CONSTANT_CONVERSION = YES;
				CLANG_WARN_DEPRECATED_OBJC_IMPLEMENTATIONS = YES;
				CLANG_WARN_DIRECT_OBJC_ISA_USAGE = YES_ERROR;
				CLANG_WARN_DOCUMENTATION_COMMENTS = YES;
				CLANG_WARN_EMPTY_BODY = YES;
				CLANG_WARN_ENUM_CONVERSION = YES;
				CLANG_WARN_INFINITE_RECURSION = YES;
				CLANG_WARN_INT_CONVERSION = YES;
				CLANG_WARN_NON_LITERAL_NULL_CONVERSION = YES;
				CLANG_WARN_OBJC_IMPLICIT_RETAIN_SELF = YES;
				CLANG_WARN_OBJC_LITERAL_CONVERSION = YES;
				CLANG_WARN_OBJC_ROOT_CLASS = YES_ERROR;
				CLANG_WARN_QUOTED_INCLUDE_IN_FRAMEWORK_HEADER = YES;
				CLANG_WARN_RANGE_LOOP_ANALYSIS = YES;
				CLANG_WARN_STRICT_PROTOTYPES = YES;
				CLANG_WARN_SUSPICIOUS_MOVE = YES;
				CLANG_WARN_UNGUARDED_AVAILABILITY = YES_AGGRESSIVE;
				CLANG_WARN_UNREACHABLE_CODE = YES;
				CLANG_WARN__DUPLICATE_METHOD_MATCH = YES;
				COPY_PHASE_STRIP = NO;
				DEBUG_INFORMATION_FORMAT = "dwarf-with-dsym";
				ENABLE_NS_ASSERTIONS = NO;
				ENABLE_STRICT_OBJC_MSGSEND = YES;
				GCC_C_LANGUAGE_STANDARD = gnu11;
				GCC_NO_COMMON_BLOCKS = YES;
				GCC_WARN_64_TO_32_BIT_CONVERSION = YES;
				GCC_WARN_ABOUT_RETURN_TYPE = YES_ERROR;
				GCC_WARN_UNDECLARED_SELECTOR = YES;
				GCC_WARN_UNINITIALIZED_AUTOS = YES_AGGRESSIVE;
				GCC_WARN_UNUSED_FUNCTION = YES;
				GCC_WARN_UNUSED_VARIABLE = YES;
				IPHONEOS_DEPLOYMENT_TARGET = 14.4;
				MTL_ENABLE_DEBUG_INFO = NO;
				MTL_FAST_MATH = YES;
				SDKROOT = iphoneos;
				SWIFT_COMPILATION_MODE = wholemodule;
				SWIFT_OPTIMIZATION_LEVEL = "-O";
				VALIDATE_PRODUCT = YES;
			};
			name = Release;
		};
		D17AF218260B60EB0050731E /* Debug */ = {
			isa = XCBuildConfiguration;
			buildSettings = {
				ASSETCATALOG_COMPILER_APPICON_NAME = AppIcon;
				ASSETCATALOG_COMPILER_GLOBAL_ACCENT_COLOR_NAME = AccentColor;
				CODE_SIGN_STYLE = Automatic;
				DEVELOPMENT_TEAM = 7Y79CZPY35;
				INFOPLIST_FILE = NewsApp/Info.plist;
				LD_RUNPATH_SEARCH_PATHS = (
					"$(inherited)",
					"@executable_path/Frameworks",
				);
				PRODUCT_BUNDLE_IDENTIFIER = ilevio.NewsApp;
				PRODUCT_NAME = "$(TARGET_NAME)";
				SWIFT_VERSION = 5.0;
				TARGETED_DEVICE_FAMILY = "1,2";
			};
			name = Debug;
		};
		D17AF219260B60EB0050731E /* Release */ = {
			isa = XCBuildConfiguration;
			buildSettings = {
				ASSETCATALOG_COMPILER_APPICON_NAME = AppIcon;
				ASSETCATALOG_COMPILER_GLOBAL_ACCENT_COLOR_NAME = AccentColor;
				CODE_SIGN_STYLE = Automatic;
				DEVELOPMENT_TEAM = 7Y79CZPY35;
				INFOPLIST_FILE = NewsApp/Info.plist;
				LD_RUNPATH_SEARCH_PATHS = (
					"$(inherited)",
					"@executable_path/Frameworks",
				);
				PRODUCT_BUNDLE_IDENTIFIER = ilevio.NewsApp;
				PRODUCT_NAME = "$(TARGET_NAME)";
				SWIFT_VERSION = 5.0;
				TARGETED_DEVICE_FAMILY = "1,2";
			};
			name = Release;
		};
		D17AF21B260B60EB0050731E /* Debug */ = {
			isa = XCBuildConfiguration;
			buildSettings = {
				ALWAYS_EMBED_SWIFT_STANDARD_LIBRARIES = YES;
				BUNDLE_LOADER = "$(TEST_HOST)";
				CODE_SIGN_STYLE = Automatic;
				DEVELOPMENT_TEAM = 7Y79CZPY35;
				INFOPLIST_FILE = NewsAppTests/Info.plist;
				IPHONEOS_DEPLOYMENT_TARGET = 14.4;
				LD_RUNPATH_SEARCH_PATHS = (
					"$(inherited)",
					"@executable_path/Frameworks",
					"@loader_path/Frameworks",
				);
				PRODUCT_BUNDLE_IDENTIFIER = ilevio.NewsAppTests;
				PRODUCT_NAME = "$(TARGET_NAME)";
				SWIFT_VERSION = 5.0;
				TARGETED_DEVICE_FAMILY = "1,2";
				TEST_HOST = "$(BUILT_PRODUCTS_DIR)/NewsApp.app/NewsApp";
			};
			name = Debug;
		};
		D17AF21C260B60EB0050731E /* Release */ = {
			isa = XCBuildConfiguration;
			buildSettings = {
				ALWAYS_EMBED_SWIFT_STANDARD_LIBRARIES = YES;
				BUNDLE_LOADER = "$(TEST_HOST)";
				CODE_SIGN_STYLE = Automatic;
				DEVELOPMENT_TEAM = 7Y79CZPY35;
				INFOPLIST_FILE = NewsAppTests/Info.plist;
				IPHONEOS_DEPLOYMENT_TARGET = 14.4;
				LD_RUNPATH_SEARCH_PATHS = (
					"$(inherited)",
					"@executable_path/Frameworks",
					"@loader_path/Frameworks",
				);
				PRODUCT_BUNDLE_IDENTIFIER = ilevio.NewsAppTests;
				PRODUCT_NAME = "$(TARGET_NAME)";
				SWIFT_VERSION = 5.0;
				TARGETED_DEVICE_FAMILY = "1,2";
				TEST_HOST = "$(BUILT_PRODUCTS_DIR)/NewsApp.app/NewsApp";
			};
			name = Release;
		};
		D17AF21E260B60EB0050731E /* Debug */ = {
			isa = XCBuildConfiguration;
			buildSettings = {
				ALWAYS_EMBED_SWIFT_STANDARD_LIBRARIES = YES;
				CODE_SIGN_STYLE = Automatic;
				DEVELOPMENT_TEAM = 7Y79CZPY35;
				INFOPLIST_FILE = NewsAppUITests/Info.plist;
				LD_RUNPATH_SEARCH_PATHS = (
					"$(inherited)",
					"@executable_path/Frameworks",
					"@loader_path/Frameworks",
				);
				PRODUCT_BUNDLE_IDENTIFIER = ilevio.NewsAppUITests;
				PRODUCT_NAME = "$(TARGET_NAME)";
				SWIFT_VERSION = 5.0;
				TARGETED_DEVICE_FAMILY = "1,2";
				TEST_TARGET_NAME = NewsApp;
			};
			name = Debug;
		};
		D17AF21F260B60EB0050731E /* Release */ = {
			isa = XCBuildConfiguration;
			buildSettings = {
				ALWAYS_EMBED_SWIFT_STANDARD_LIBRARIES = YES;
				CODE_SIGN_STYLE = Automatic;
				DEVELOPMENT_TEAM = 7Y79CZPY35;
				INFOPLIST_FILE = NewsAppUITests/Info.plist;
				LD_RUNPATH_SEARCH_PATHS = (
					"$(inherited)",
					"@executable_path/Frameworks",
					"@loader_path/Frameworks",
				);
				PRODUCT_BUNDLE_IDENTIFIER = ilevio.NewsAppUITests;
				PRODUCT_NAME = "$(TARGET_NAME)";
				SWIFT_VERSION = 5.0;
				TARGETED_DEVICE_FAMILY = "1,2";
				TEST_TARGET_NAME = NewsApp;
			};
			name = Release;
		};
/* End XCBuildConfiguration section */

/* Begin XCConfigurationList section */
		D17AF1E8260B60E80050731E /* Build configuration list for PBXProject "NewsApp" */ = {
			isa = XCConfigurationList;
			buildConfigurations = (
				D17AF215260B60EB0050731E /* Debug */,
				D17AF216260B60EB0050731E /* Release */,
			);
			defaultConfigurationIsVisible = 0;
			defaultConfigurationName = Release;
		};
		D17AF217260B60EB0050731E /* Build configuration list for PBXNativeTarget "NewsApp" */ = {
			isa = XCConfigurationList;
			buildConfigurations = (
				D17AF218260B60EB0050731E /* Debug */,
				D17AF219260B60EB0050731E /* Release */,
			);
			defaultConfigurationIsVisible = 0;
			defaultConfigurationName = Release;
		};
		D17AF21A260B60EB0050731E /* Build configuration list for PBXNativeTarget "NewsAppTests" */ = {
			isa = XCConfigurationList;
			buildConfigurations = (
				D17AF21B260B60EB0050731E /* Debug */,
				D17AF21C260B60EB0050731E /* Release */,
			);
			defaultConfigurationIsVisible = 0;
			defaultConfigurationName = Release;
		};
		D17AF21D260B60EB0050731E /* Build configuration list for PBXNativeTarget "NewsAppUITests" */ = {
			isa = XCConfigurationList;
			buildConfigurations = (
				D17AF21E260B60EB0050731E /* Debug */,
				D17AF21F260B60EB0050731E /* Release */,
			);
			defaultConfigurationIsVisible = 0;
			defaultConfigurationName = Release;
		};
/* End XCConfigurationList section */
	};
	rootObject = D17AF1E5260B60E80050731E /* Project object */;
}
